<?xml version="1.0" encoding="utf-8"?>
<Project ToolsVersion="4.0" xmlns="http://schemas.microsoft.com/developer/msbuild/2003">
  <ItemGroup>
    <Filter Include="Source Files">
      <UniqueIdentifier>{c298edd1-736d-4021-ad9b-13aeaf96a737}</UniqueIdentifier>
      <Extensions>cpp;c;cxx;rc;def;r;odl;hpj;bat;for;f90</Extensions>
    </Filter>
    <Filter Include="Header Files">
      <UniqueIdentifier>{0d44bc79-c55b-49e0-a5b1-f2f996bcbd5e}</UniqueIdentifier>
      <Extensions>h;hpp;hxx;hm;inl;fi;fd</Extensions>
    </Filter>
    <Filter Include="Resource Files">
      <UniqueIdentifier>{3386f06d-0d41-4c28-a444-1497bd6e6357}</UniqueIdentifier>
      <Extensions>ico;cur;bmp;dlg;rc2;rct;bin;cnt;rtf;gif;jpg;jpeg;jpe</Extensions>
    </Filter>
  </ItemGroup>
  <ItemGroup>
    <ClCompile Include="..\DShow\aboutprp.cpp">
      <Filter>Source Files</Filter>
    </ClCompile>
    <ClCompile Include="..\DShow\Encoder.cpp">
      <Filter>Source Files</Filter>
    </ClCompile>
    <ClCompile Include="..\DShow\Mpegac.cpp">
      <Filter>Source Files</Filter>
    </ClCompile>
    <ClCompile Include="..\DShow\PropPage.cpp">
      <Filter>Source Files</Filter>
    </ClCompile>
    <ClCompile Include="..\DShow\PropPage_adv.cpp">
      <Filter>Source Files</Filter>
    </ClCompile>
    <ClCompile Include="..\DShow\REG.CPP">
      <Filter>Source Files</Filter>
    </ClCompile>
  </ItemGroup>
  <ItemGroup>
    <None Include="..\DShow\Mpegac.def">
      <Filter>Source Files</Filter>
    </None>
    <None Include="..\DShow\README" />
  </ItemGroup>
  <ItemGroup>
    <ResourceCompile Include="..\DShow\Property.rc">
      <Filter>Source Files</Filter>
    </ResourceCompile>
  </ItemGroup>
  <ItemGroup>
    <ClInclude Include="..\DShow\aboutprp.h">
      <Filter>Header Files</Filter>
    </ClInclude>
    <ClInclude Include="..\DShow\Encoder.h">
      <Filter>Header Files</Filter>
    </ClInclude>
    <ClInclude Include="..\DShow\iaudioprops.h">
      <Filter>Header Files</Filter>
    </ClInclude>
    <ClInclude Include="..\DShow\Mpegac.h">
      <Filter>Header Files</Filter>
    </ClInclude>
    <ClInclude Include="..\DShow\PropPage.h">
      <Filter>Header Files</Filter>
    </ClInclude>
    <ClInclude Include="..\DShow\PropPage_adv.h">
      <Filter>Header Files</Filter>
    </ClInclude>
    <ClInclude Include="..\DShow\reg.h">
      <Filter>Header Files</Filter>
    </ClInclude>
    <ClInclude Include="..\DShow\resource.h">
      <Filter>Header Files</Filter>
    </ClInclude>
    <ClInclude Include="..\DShow\uids.h">
      <Filter>Header Files</Filter>
    </ClInclude>
    <ClInclude Include="..\include\lame.h">
      <Filter>Header Files</Filter>
    </ClInclude>
  </ItemGroup>
  <ItemGroup>
    <Image Include="..\DShow\elogo.ico">
      <Filter>Resource Files</Filter>
    </Image>
  </ItemGroup>
</Project>