<?xml version="1.0" encoding="utf-8"?>
<Project ToolsVersion="4.0" xmlns="http://schemas.microsoft.com/developer/msbuild/2003">
  <ItemGroup>
    <Filter Include="Source Files">
      <UniqueIdentifier>{539fcef5-f3de-42ff-a84f-f6c6d4d20adb}</UniqueIdentifier>
      <Extensions>cpp;c;cxx;rc;def;r;odl;idl;hpj;bat</Extensions>
    </Filter>
    <Filter Include="Header Files">
      <UniqueIdentifier>{330ba7f1-a485-4e04-b773-67c195f54298}</UniqueIdentifier>
      <Extensions>h;hpp;hxx;hm;inl</Extensions>
    </Filter>
  </ItemGroup>
  <ItemGroup>
    <ClCompile Include="..\frontend\brhist.c">
      <Filter>Source Files</Filter>
    </ClCompile>
    <ClCompile Include="..\frontend\console.c">
      <Filter>Source Files</Filter>
    </ClCompile>
    <ClCompile Include="..\frontend\get_audio.c">
      <Filter>Source Files</Filter>
    </ClCompile>
    <ClCompile Include="..\frontend\lame_main.c">
      <Filter>Source Files</Filter>
    </ClCompile>
    <ClCompile Include="..\frontend\lametime.c">
      <Filter>Source Files</Filter>
    </ClCompile>
    <ClCompile Include="..\frontend\main.c">
      <Filter>Source Files</Filter>
    </ClCompile>
    <ClCompile Include="..\frontend\parse.c">
      <Filter>Source Files</Filter>
    </ClCompile>
    <ClCompile Include="..\frontend\timestatus.c">
      <Filter>Source Files</Filter>
    </ClCompile>
  </ItemGroup>
  <ItemGroup>
    <ClInclude Include="..\frontend\brhist.h">
      <Filter>Header Files</Filter>
    </ClInclude>
    <ClInclude Include="..\frontend\console.h">
      <Filter>Header Files</Filter>
    </ClInclude>
    <ClInclude Include="..\frontend\get_audio.h">
      <Filter>Header Files</Filter>
    </ClInclude>
    <ClInclude Include="..\frontend\lametime.h">
      <Filter>Header Files</Filter>
    </ClInclude>
    <ClInclude Include="..\frontend\main.h">
      <Filter>Header Files</Filter>
    </ClInclude>
    <ClInclude Include="..\frontend\parse.h">
      <Filter>Header Files</Filter>
    </ClInclude>
    <ClInclude Include="..\frontend\timestatus.h">
      <Filter>Header Files</Filter>
    </ClInclude>
  </ItemGroup>
  <ItemGroup>
    <ResourceCompile Include="..\libmp3lame\lame.rc">
      <Filter>Source Files</Filter>
    </ResourceCompile>
  </ItemGroup>
</Project>