<?xml version="1.0" encoding="utf-8"?>
<Project ToolsVersion="4.0" xmlns="http://schemas.microsoft.com/developer/msbuild/2003">
  <ItemGroup>
    <Filter Include="Preset Files">
      <UniqueIdentifier>{31fd3636-f0fb-4209-8161-90b9c621707f}</UniqueIdentifier>
    </Filter>
    <Filter Include="Preset Files\Header Files">
      <UniqueIdentifier>{8f38b30e-c72f-45e5-873f-62ec3e1fe8d2}</UniqueIdentifier>
    </Filter>
    <Filter Include="Preset Files\Source Files">
      <UniqueIdentifier>{8e5db12d-be4d-4eb3-b3cb-2263f5d5b676}</UniqueIdentifier>
    </Filter>
    <Filter Include="Main Program Files">
      <UniqueIdentifier>{8a50c7d7-045b-44c0-8bf1-5e43fbc34fdf}</UniqueIdentifier>
    </Filter>
    <Filter Include="Main Program Files\Source Files">
      <UniqueIdentifier>{06f009a9-abce-4288-a701-183878ad4619}</UniqueIdentifier>
      <Extensions>cpp;c;cxx;rc;def;r;odl;idl;hpj;bat</Extensions>
    </Filter>
    <Filter Include="Main Program Files\Header Files">
      <UniqueIdentifier>{aa1984d8-2d06-448b-9d82-b720bbc9e634}</UniqueIdentifier>
      <Extensions>h;hpp;hxx;hm;inl</Extensions>
    </Filter>
    <Filter Include="Encoder Files">
      <UniqueIdentifier>{79b9d66c-80dc-46bd-967a-0b15f7f93710}</UniqueIdentifier>
    </Filter>
    <Filter Include="Encoder Files\mad dither files">
      <UniqueIdentifier>{9cd6b69b-c81a-45f1-a771-0edebeaba09c}</UniqueIdentifier>
    </Filter>
    <Filter Include="Encoder Files\id3 files">
      <UniqueIdentifier>{58c28a69-abc0-457d-af7b-12fc63ab60f1}</UniqueIdentifier>
    </Filter>
    <Filter Include="Encoder Files\aacinfo files">
      <UniqueIdentifier>{7e4a760b-7c22-4448-8783-de2b85ca67da}</UniqueIdentifier>
    </Filter>
    <Filter Include="Encoder Files\Header Files">
      <UniqueIdentifier>{a72caebc-f93a-4698-8523-bec6ccb01045}</UniqueIdentifier>
    </Filter>
    <Filter Include="Encoder Files\Source Files">
      <UniqueIdentifier>{c3a339cf-6711-4d36-9690-8734c78be610}</UniqueIdentifier>
    </Filter>
    <Filter Include="Modern UI Files">
      <UniqueIdentifier>{91fdb3c2-3213-46ef-8319-8860047d989f}</UniqueIdentifier>
    </Filter>
    <Filter Include="Modern UI Files\Header Files">
      <UniqueIdentifier>{4e44bfeb-c69d-496a-aae7-77a6b1161aba}</UniqueIdentifier>
    </Filter>
    <Filter Include="Modern UI Files\Source Files">
      <UniqueIdentifier>{0d8c9410-0e0c-4222-8416-7240dde85894}</UniqueIdentifier>
    </Filter>
    <Filter Include="Modern UI Files\Resource Files">
      <UniqueIdentifier>{740fc0d6-e2df-406c-a370-db608506fe80}</UniqueIdentifier>
      <Extensions>rc;ico;cur;bmp;dlg;rc2;rct;bin;rgs;jpg;jpeg;jpe;manifest</Extensions>
    </Filter>
    <Filter Include="Modern UI Files\Resource Files\Generated Files">
      <UniqueIdentifier>{7e9e0b1f-aa29-45d6-87c4-ccd49fb40dc5}</UniqueIdentifier>
    </Filter>
    <Filter Include="Classic UI Files">
      <UniqueIdentifier>{9cf7725f-cee1-4a9d-a721-4d1255dc7a8b}</UniqueIdentifier>
    </Filter>
    <Filter Include="Classic UI Files\Header Files">
      <UniqueIdentifier>{532dbb09-4082-4229-aa52-684cfb627e67}</UniqueIdentifier>
    </Filter>
    <Filter Include="Classic UI Files\Source Files">
      <UniqueIdentifier>{d3ce9737-a003-467c-b686-160f28e9efef}</UniqueIdentifier>
    </Filter>
    <Filter Include="Classic UI Files\Resource Files">
      <UniqueIdentifier>{b42f5ecb-3b06-435a-ab5d-98c3264535b0}</UniqueIdentifier>
      <Extensions>ico;cur;bmp;dlg;rc2;rct;bin;rgs;gif;jpg;jpeg;jpe</Extensions>
    </Filter>
  </ItemGroup>
  <ItemGroup>
    <ClCompile Include="encoder\AacInputModule.cpp">
      <Filter>Encoder Files\Source Files</Filter>
    </ClCompile>
    <ClCompile Include="encoder\AacOutputModule.cpp">
      <Filter>Encoder Files\Source Files</Filter>
    </ClCompile>
    <ClCompile Include="encoder\BassInputModule.cpp">
      <Filter>Encoder Files\Source Files</Filter>
    </ClCompile>
    <ClCompile Include="encoder\BassWmaOutputModule.cpp">
      <Filter>Encoder Files\Source Files</Filter>
    </ClCompile>
    <ClCompile Include="encoder\EncoderImpl.cpp">
      <Filter>Encoder Files\Source Files</Filter>
    </ClCompile>
    <ClCompile Include="encoder\EncoderTask.cpp">
      <Filter>Encoder Files\Source Files</Filter>
    </ClCompile>
    <ClCompile Include="encoder\FlacInputModule.cpp">
      <Filter>Encoder Files\Source Files</Filter>
    </ClCompile>
    <ClCompile Include="encoder\Id3v1Tag.cpp">
      <Filter>Encoder Files\Source Files</Filter>
    </ClCompile>
    <ClCompile Include="encoder\LameOutputModule.cpp">
      <Filter>Encoder Files\Source Files</Filter>
    </ClCompile>
    <ClCompile Include="encoder\MadMpegInputModule.cpp">
      <Filter>Encoder Files\Source Files</Filter>
    </ClCompile>
    <ClCompile Include="encoder\ModuleManagerImpl.cpp">
      <Filter>Encoder Files\Source Files</Filter>
    </ClCompile>
    <ClCompile Include="encoder\MonkeysAudioInputModule.cpp">
      <Filter>Encoder Files\Source Files</Filter>
    </ClCompile>
    <ClCompile Include="encoder\OggVorbisInputModule.cpp">
      <Filter>Encoder Files\Source Files</Filter>
    </ClCompile>
    <ClCompile Include="encoder\OggVorbisOutputModule.cpp">
      <Filter>Encoder Files\Source Files</Filter>
    </ClCompile>
    <ClCompile Include="encoder\SampleContainer.cpp">
      <Filter>Encoder Files\Source Files</Filter>
    </ClCompile>
    <ClCompile Include="encoder\SndFileInputModule.cpp">
      <Filter>Encoder Files\Source Files</Filter>
    </ClCompile>
    <ClCompile Include="encoder\TrackInfo.cpp">
      <Filter>Encoder Files\Source Files</Filter>
    </ClCompile>
    <ClCompile Include="encoder\WaveMp3Header.cpp">
      <Filter>Encoder Files\Source Files</Filter>
    </ClCompile>
    <ClCompile Include="encoder\dither\dither.c">
      <Filter>Encoder Files\mad dither files</Filter>
    </ClCompile>
    <ClCompile Include="encoder\id3\Field.cpp">
      <Filter>Encoder Files\id3 files</Filter>
    </ClCompile>
    <ClCompile Include="encoder\id3\File.cpp">
      <Filter>Encoder Files\id3 files</Filter>
    </ClCompile>
    <ClCompile Include="encoder\id3\Frame.cpp">
      <Filter>Encoder Files\id3 files</Filter>
    </ClCompile>
    <ClCompile Include="encoder\id3\Tag.cpp">
      <Filter>Encoder Files\id3 files</Filter>
    </ClCompile>
    <ClCompile Include="encoder\aacinfo\aacinfo.c">
      <Filter>Encoder Files\aacinfo files</Filter>
    </ClCompile>
    <ClCompile Include="encoder\aacinfo\filestream.c">
      <Filter>Encoder Files\aacinfo files</Filter>
    </ClCompile>
    <ClCompile Include="classic\CDRipDlg.cpp">
      <Filter>Classic UI Files\Source Files</Filter>
    </ClCompile>
    <ClCompile Include="classic\CDRipPage.cpp">
      <Filter>Classic UI Files\Source Files</Filter>
    </ClCompile>
    <ClCompile Include="classic\CommonStuff.cpp">
      <Filter>Classic UI Files\Source Files</Filter>
    </ClCompile>
    <ClCompile Include="classic\EncodePage.cpp">
      <Filter>Classic UI Files\Source Files</Filter>
    </ClCompile>
    <ClCompile Include="classic\InputPage.cpp">
      <Filter>Classic UI Files\Source Files</Filter>
    </ClCompile>
    <ClCompile Include="classic\LameSimpleSettingsPage.cpp">
      <Filter>Classic UI Files\Source Files</Filter>
    </ClCompile>
    <ClCompile Include="classic\MainDlg.cpp">
      <Filter>Classic UI Files\Source Files</Filter>
    </ClCompile>
    <ClCompile Include="classic\OptionsDlg.cpp">
      <Filter>Classic UI Files\Source Files</Filter>
    </ClCompile>
    <ClCompile Include="classic\OutputPage.cpp">
      <Filter>Classic UI Files\Source Files</Filter>
    </ClCompile>
    <ClCompile Include="classic\PresetsPage.cpp">
      <Filter>Classic UI Files\Source Files</Filter>
    </ClCompile>
    <ClCompile Include="classic\WaveOutputSettingsPage.cpp">
      <Filter>Classic UI Files\Source Files</Filter>
    </ClCompile>
    <ClCompile Include="classic\WmaOutputSettingsPage.cpp">
      <Filter>Classic UI Files\Source Files</Filter>
    </ClCompile>
    <ClCompile Include="preset\PresetManagerImpl.cpp">
      <Filter>Preset Files\Source Files</Filter>
    </ClCompile>
    <ClCompile Include="preset\PropertyListBox.cpp">
      <Filter>Preset Files\Source Files</Filter>
    </ClCompile>
    <ClCompile Include="App.cpp">
      <Filter>Main Program Files\Source Files</Filter>
    </ClCompile>
    <ClCompile Include="CDRipTrackManager.cpp">
      <Filter>Main Program Files\Source Files</Filter>
    </ClCompile>
    <ClCompile Include="LangCountryMapper.cpp">
      <Filter>Main Program Files\Source Files</Filter>
    </ClCompile>
    <ClCompile Include="LanguageResourceManager.cpp">
      <Filter>Main Program Files\Source Files</Filter>
    </ClCompile>
    <ClCompile Include="SettingsManager.cpp">
      <Filter>Main Program Files\Source Files</Filter>
    </ClCompile>
    <ClCompile Include="stdafx.cpp">
      <Filter>Main Program Files\Source Files</Filter>
    </ClCompile>
    <ClCompile Include="TaskManager.cpp">
      <Filter>Main Program Files\Source Files</Filter>
    </ClCompile>
    <ClCompile Include="UISettings.cpp">
      <Filter>Main Program Files\Source Files</Filter>
    </ClCompile>
    <ClCompile Include="VariableManager.cpp">
      <Filter>Main Program Files\Source Files</Filter>
    </ClCompile>
    <ClCompile Include="winlame.cpp">
      <Filter>Main Program Files\Source Files</Filter>
    </ClCompile>
    <ClCompile Include="ui\CDReadSettingsPage.cpp">
      <Filter>Modern UI Files\Source Files</Filter>
    </ClCompile>
    <ClCompile Include="ui\DropFilesManager.cpp">
      <Filter>Modern UI Files\Source Files</Filter>
    </ClCompile>
    <ClCompile Include="ui\GeneralSettingsPage.cpp">
      <Filter>Modern UI Files\Source Files</Filter>
    </ClCompile>
    <ClCompile Include="ui\InputFilesPage.cpp">
      <Filter>Modern UI Files\Source Files</Filter>
    </ClCompile>
    <ClCompile Include="ui\MainFrame.cpp">
      <Filter>Modern UI Files\Source Files</Filter>
    </ClCompile>
    <ClCompile Include="ui\TasksView.cpp">
      <Filter>Modern UI Files\Source Files</Filter>
    </ClCompile>
    <ClCompile Include="ui\WizardPageHost.cpp">
      <Filter>Modern UI Files\Source Files</Filter>
    </ClCompile>
    <ClCompile Include="ui\InputCDPage.cpp">
      <Filter>Modern UI Files\Source Files</Filter>
    </ClCompile>
    <ClCompile Include="ui\PresetSelectionPage.cpp">
      <Filter>Modern UI Files\Source Files</Filter>
    </ClCompile>
    <ClCompile Include="ui\OutputSettingsPage.cpp">
      <Filter>Modern UI Files\Source Files</Filter>
    </ClCompile>
    <ClCompile Include="ui\AACSettingsPage.cpp">
      <Filter>Modern UI Files\Source Files</Filter>
    </ClCompile>
    <ClCompile Include="ui\LAMESettingsPage.cpp">
      <Filter>Modern UI Files\Source Files</Filter>
    </ClCompile>
    <ClCompile Include="ui\WMASettingsPage.cpp">
      <Filter>Modern UI Files\Source Files</Filter>
    </ClCompile>
    <ClCompile Include="ui\OggVorbisSettingsPage.cpp">
      <Filter>Modern UI Files\Source Files</Filter>
    </ClCompile>
    <ClCompile Include="ui\LibsndfileSettingsPage.cpp">
      <Filter>Modern UI Files\Source Files</Filter>
    </ClCompile>
    <ClCompile Include="classic\OggVorbisSettingsPage_old.cpp">
      <Filter>Classic UI Files\Source Files</Filter>
    </ClCompile>
    <ClCompile Include="classic\AacSettingsPage_old.cpp">
      <Filter>Classic UI Files\Source Files</Filter>
    </ClCompile>
    <ClCompile Include="ui\AboutDlg.cpp">
      <Filter>Modern UI Files\Source Files</Filter>
    </ClCompile>
    <ClCompile Include="ui\ImageListComboBox.cpp">
      <Filter>Modern UI Files\Source Files</Filter>
    </ClCompile>
    <ClCompile Include="ui\InputListCtrl.cpp">
      <Filter>Modern UI Files\Source Files</Filter>
    </ClCompile>
    <ClCompile Include="InputFilesParser.cpp">
      <Filter>Main Program Files\Source Files</Filter>
    </ClCompile>
    <ClCompile Include="ui\FinishPage.cpp">
      <Filter>Modern UI Files\Source Files</Filter>
    </ClCompile>
    <ClCompile Include="Path.cpp">
      <Filter>Main Program Files\Source Files</Filter>
    </ClCompile>
    <ClCompile Include="ui\FixedValueSpinButtonCtrl.cpp">
      <Filter>Modern UI Files\Source Files</Filter>
    </ClCompile>
    <ClCompile Include="ui\BevelLine.cpp">
      <Filter>Modern UI Files\Source Files</Filter>
    </ClCompile>
    <ClCompile Include="encoder\CreatePlaylistTask.cpp">
      <Filter>Encoder Files\Source Files</Filter>
    </ClCompile>
    <ClCompile Include="encoder\CDExtractTask.cpp">
      <Filter>Encoder Files\Source Files</Filter>
    </ClCompile>
    <ClCompile Include="ui\FreeDbDiscListDlg.cpp">
      <Filter>Modern UI Files\Source Files</Filter>
    </ClCompile>
    <ClCompile Include="encoder\SpeexInputModule.cpp">
      <Filter>Encoder Files\Source Files</Filter>
    </ClCompile>
    <ClCompile Include="encoder\OpusInputModule.cpp">
      <Filter>Encoder Files\Source Files</Filter>
    </ClCompile>
    <ClCompile Include="CommandLineParser.cpp">
      <Filter>Main Program Files\Source Files</Filter>
    </ClCompile>
    <ClCompile Include="AudioFileInfoManager.cpp">
      <Filter>Main Program Files\Source Files</Filter>
    </ClCompile>
    <ClCompile Include="CDRipTitleFormatManager.cpp">
      <Filter>Main Program Files\Source Files</Filter>
    </ClCompile>
    <ClCompile Include="encoder\OpusOutputModule.cpp">
      <Filter>Encoder Files\Source Files</Filter>
    </ClCompile>
    <ClCompile Include="ui\OpusSettingsPage.cpp">
      <Filter>Modern UI Files\Source Files</Filter>
    </ClCompile>
    <ClCompile Include="classic\OpusSettingsPage_old.cpp">
      <Filter>Classic UI Files\Source Files</Filter>
    </ClCompile>
    <ClCompile Include="encoder\SndFileFormats.cpp">
      <Filter>Main Program Files\Source Files</Filter>
    </ClCompile>
    <ClCompile Include="FreedbInfo.cpp">
      <Filter>Main Program Files\Source Files</Filter>
    </ClCompile>
    <ClCompile Include="ui\Win7Taskbar.cpp">
      <Filter>Modern UI Files\Source Files</Filter>
    </ClCompile>
    <ClCompile Include="encoder\SndFileOutputModule.cpp">
      <Filter>Encoder Files\Source Files</Filter>
    </ClCompile>
    <ClCompile Include="encoder\CDReadoutModule.cpp">
      <Filter>Encoder Files\Source Files</Filter>
    </ClCompile>
    <ClCompile Include="UTF8.cpp">
      <Filter>Main Program Files\Source Files</Filter>
    </ClCompile>
    <ClCompile Include="TaskCreationHelper.cpp">
      <Filter>Main Program Files\Source Files</Filter>
    </ClCompile>
    <ClCompile Include="CrashReporter.cpp">
      <Filter>Main Program Files\Source Files</Filter>
    </ClCompile>
    <ClCompile Include="encoder\LameNogapInstanceManager.cpp">
      <Filter>Encoder Files\Source Files</Filter>
    </ClCompile>
    <ClCompile Include="ui\CrashSaveResultsDlg.cpp">
      <Filter>Modern UI Files\Source Files</Filter>
    </ClCompile>
  </ItemGroup>
  <ItemGroup>
    <ClInclude Include="encoder\dither\dither.h">
      <Filter>Encoder Files\mad dither files</Filter>
    </ClInclude>
    <ClInclude Include="encoder\id3\Field.h">
      <Filter>Encoder Files\id3 files</Filter>
    </ClInclude>
    <ClInclude Include="encoder\id3\File.h">
      <Filter>Encoder Files\id3 files</Filter>
    </ClInclude>
    <ClInclude Include="encoder\id3\Frame.h">
      <Filter>Encoder Files\id3 files</Filter>
    </ClInclude>
    <ClInclude Include="encoder\id3\Tag.h">
      <Filter>Encoder Files\id3 files</Filter>
    </ClInclude>
    <ClInclude Include="encoder\aacinfo\aacinfo.h">
      <Filter>Encoder Files\aacinfo files</Filter>
    </ClInclude>
    <ClInclude Include="encoder\aacinfo\filestream.h">
      <Filter>Encoder Files\aacinfo files</Filter>
    </ClInclude>
    <ClInclude Include="preset\PresetManagerImpl.h">
      <Filter>Preset Files\Header Files</Filter>
    </ClInclude>
    <ClInclude Include="preset\PropertyDlg.h">
      <Filter>Preset Files\Header Files</Filter>
    </ClInclude>
    <ClInclude Include="preset\PropertyListBox.h">
      <Filter>Preset Files\Header Files</Filter>
    </ClInclude>
    <ClInclude Include="IoCContainer.hpp">
      <Filter>Main Program Files\Header Files</Filter>
    </ClInclude>
    <ClInclude Include="LangCountryMapper.hpp">
      <Filter>Main Program Files\Header Files</Filter>
    </ClInclude>
    <ClInclude Include="LanguageResourceManager.hpp">
      <Filter>Main Program Files\Header Files</Filter>
    </ClInclude>
    <ClInclude Include="stdafx.h">
      <Filter>Main Program Files\Header Files</Filter>
    </ClInclude>
    <ClInclude Include="resource.h">
      <Filter>Modern UI Files\Resource Files</Filter>
    </ClInclude>
    <ClInclude Include="ui\OggVorbisSettingsPage.hpp">
      <Filter>Modern UI Files\Header Files</Filter>
    </ClInclude>
    <ClInclude Include="ui\WMASettingsPage.hpp">
      <Filter>Modern UI Files\Header Files</Filter>
    </ClInclude>
    <ClInclude Include="ui\LibsndfileSettingsPage.hpp">
      <Filter>Modern UI Files\Header Files</Filter>
    </ClInclude>
    <ClInclude Include="ui\LAMESettingsPage.hpp">
      <Filter>Modern UI Files\Header Files</Filter>
    </ClInclude>
    <ClInclude Include="ui\FinishPage.hpp">
      <Filter>Modern UI Files\Header Files</Filter>
    </ClInclude>
    <ClInclude Include="ui\InputCDPage.hpp">
      <Filter>Modern UI Files\Header Files</Filter>
    </ClInclude>
    <ClInclude Include="ui\OutputSettingsPage.hpp">
      <Filter>Modern UI Files\Header Files</Filter>
    </ClInclude>
    <ClInclude Include="ui\PresetSelectionPage.hpp">
      <Filter>Modern UI Files\Header Files</Filter>
    </ClInclude>
    <ClInclude Include="ui\AACSettingsPage.hpp">
      <Filter>Modern UI Files\Header Files</Filter>
    </ClInclude>
    <ClInclude Include="ui\AboutDlg.hpp">
      <Filter>Modern UI Files\Header Files</Filter>
    </ClInclude>
    <ClInclude Include="Path.hpp">
      <Filter>Main Program Files\Header Files</Filter>
    </ClInclude>
    <ClInclude Include="ui\AlternateColorsListCtrl.hpp">
      <Filter>Modern UI Files\Header Files</Filter>
    </ClInclude>
    <ClInclude Include="ui\FixedValueSpinButtonCtrl.hpp">
      <Filter>Modern UI Files\Header Files</Filter>
    </ClInclude>
    <ClInclude Include="ui\BevelLine.hpp">
      <Filter>Modern UI Files\Header Files</Filter>
    </ClInclude>
    <ClInclude Include="ui\CDReadSettingsPage.hpp">
      <Filter>Modern UI Files\Header Files</Filter>
    </ClInclude>
    <ClInclude Include="ui\DropFilesManager.hpp">
      <Filter>Modern UI Files\Header Files</Filter>
    </ClInclude>
    <ClInclude Include="ui\GeneralSettingsPage.hpp">
      <Filter>Modern UI Files\Header Files</Filter>
    </ClInclude>
    <ClInclude Include="ui\ImageListComboBox.hpp">
      <Filter>Modern UI Files\Header Files</Filter>
    </ClInclude>
    <ClInclude Include="ui\InputFilesPage.hpp">
      <Filter>Modern UI Files\Header Files</Filter>
    </ClInclude>
    <ClInclude Include="ui\InputListCtrl.hpp">
      <Filter>Modern UI Files\Header Files</Filter>
    </ClInclude>
    <ClInclude Include="ui\MainFrame.hpp">
      <Filter>Modern UI Files\Header Files</Filter>
    </ClInclude>
    <ClInclude Include="ui\ResourceInstanceSwitcher.hpp">
      <Filter>Modern UI Files\Header Files</Filter>
    </ClInclude>
    <ClInclude Include="ui\TasksView.hpp">
      <Filter>Modern UI Files\Header Files</Filter>
    </ClInclude>
    <ClInclude Include="ui\WizardPage.hpp">
      <Filter>Modern UI Files\Header Files</Filter>
    </ClInclude>
    <ClInclude Include="ui\WizardPageHost.hpp">
      <Filter>Modern UI Files\Header Files</Filter>
    </ClInclude>
    <ClInclude Include="encoder\CreatePlaylistTask.hpp">
      <Filter>Encoder Files\Header Files</Filter>
    </ClInclude>
    <ClInclude Include="encoder\CDExtractTask.hpp">
      <Filter>Encoder Files\Header Files</Filter>
    </ClInclude>
    <ClInclude Include="ui\FreeDbDiscListDlg.hpp">
      <Filter>Modern UI Files\Header Files</Filter>
    </ClInclude>
    <ClInclude Include="encoder\SpeexInputModule.hpp">
      <Filter>Encoder Files\Header Files</Filter>
    </ClInclude>
    <ClInclude Include="encoder\OggInputStream.hpp">
      <Filter>Encoder Files\Header Files</Filter>
    </ClInclude>
    <ClInclude Include="encoder\OpusInputModule.hpp">
      <Filter>Encoder Files\Header Files</Filter>
    </ClInclude>
    <ClInclude Include="res\MainFrameRibbon.h">
      <Filter>Modern UI Files\Resource Files\Generated Files</Filter>
    </ClInclude>
    <ClInclude Include="CommandLineParser.hpp">
      <Filter>Main Program Files\Header Files</Filter>
    </ClInclude>
    <ClInclude Include="ui\RedrawLock.hpp">
      <Filter>Modern UI Files\Header Files</Filter>
    </ClInclude>
    <ClInclude Include="AudioFileInfoManager.hpp">
      <Filter>Main Program Files\Header Files</Filter>
    </ClInclude>
    <ClInclude Include="CDRipTitleFormatManager.hpp">
      <Filter>Main Program Files\Header Files</Filter>
    </ClInclude>
    <ClInclude Include="encoder\OpusOutputModule.hpp">
      <Filter>Encoder Files\Header Files</Filter>
    </ClInclude>
    <ClInclude Include="ui\OpusSettingsPage.hpp">
      <Filter>Modern UI Files\Header Files</Filter>
    </ClInclude>
    <ClInclude Include="encoder\SndFileFormats.hpp">
      <Filter>Main Program Files\Header Files</Filter>
    </ClInclude>
    <ClInclude Include="FreedbInfo.hpp">
      <Filter>Main Program Files\Header Files</Filter>
    </ClInclude>
    <ClInclude Include="ui\Win7Taskbar.hpp">
      <Filter>Modern UI Files\Header Files</Filter>
    </ClInclude>
    <ClInclude Include="encoder\SndFileOutputModule.hpp">
      <Filter>Encoder Files\Header Files</Filter>
    </ClInclude>
    <ClInclude Include="encoder\SndFileInputModule.hpp">
      <Filter>Encoder Files\Header Files</Filter>
    </ClInclude>
    <ClInclude Include="encoder\OggVorbisOutputModule.hpp">
      <Filter>Encoder Files\Header Files</Filter>
    </ClInclude>
    <ClInclude Include="encoder\OggVorbisInputModule.hpp">
      <Filter>Encoder Files\Header Files</Filter>
    </ClInclude>
    <ClInclude Include="encoder\AacInputModule.hpp">
      <Filter>Encoder Files\Header Files</Filter>
    </ClInclude>
    <ClInclude Include="encoder\AacOutputModule.hpp">
      <Filter>Encoder Files\Header Files</Filter>
    </ClInclude>
    <ClInclude Include="encoder\BassInputModule.hpp">
      <Filter>Encoder Files\Header Files</Filter>
    </ClInclude>
    <ClInclude Include="encoder\BassWmaOutputModule.hpp">
      <Filter>Encoder Files\Header Files</Filter>
    </ClInclude>
    <ClInclude Include="encoder\FlacInputModule.hpp">
      <Filter>Encoder Files\Header Files</Filter>
    </ClInclude>
    <ClInclude Include="encoder\MadMpegInputModule.hpp">
      <Filter>Encoder Files\Header Files</Filter>
    </ClInclude>
    <ClInclude Include="encoder\MonkeysAudioInputModule.hpp">
      <Filter>Encoder Files\Header Files</Filter>
    </ClInclude>
    <ClInclude Include="encoder\WaveMp3Header.hpp">
      <Filter>Encoder Files\Header Files</Filter>
    </ClInclude>
    <ClInclude Include="encoder\LameOutputModule.hpp">
      <Filter>Encoder Files\Header Files</Filter>
    </ClInclude>
    <ClInclude Include="encoder\Id3v1Tag.hpp">
      <Filter>Encoder Files\Header Files</Filter>
    </ClInclude>
    <ClInclude Include="encoder\TrackInfo.hpp">
      <Filter>Encoder Files\Header Files</Filter>
    </ClInclude>
    <ClInclude Include="encoder\ModuleInterface.hpp">
      <Filter>Encoder Files\Header Files</Filter>
    </ClInclude>
    <ClInclude Include="encoder\ModuleManagerImpl.hpp">
      <Filter>Encoder Files\Header Files</Filter>
    </ClInclude>
    <ClInclude Include="encoder\EncoderTask.hpp">
      <Filter>Encoder Files\Header Files</Filter>
    </ClInclude>
    <ClInclude Include="encoder\EncoderImpl.hpp">
      <Filter>Encoder Files\Header Files</Filter>
    </ClInclude>
    <ClInclude Include="encoder\SampleContainer.hpp">
      <Filter>Encoder Files\Header Files</Filter>
    </ClInclude>
    <ClInclude Include="ModuleManager.hpp">
      <Filter>Main Program Files\Header Files</Filter>
    </ClInclude>
    <ClInclude Include="encoder\CDReadoutModule.hpp">
      <Filter>Encoder Files\Header Files</Filter>
    </ClInclude>
    <ClInclude Include="UTF8.hpp">
      <Filter>Main Program Files\Header Files</Filter>
    </ClInclude>
    <ClInclude Include="encoder\ModuleBase.hpp">
      <Filter>Encoder Files\Header Files</Filter>
    </ClInclude>
    <ClInclude Include="encoder\OutputModule.hpp">
      <Filter>Encoder Files\Header Files</Filter>
    </ClInclude>
    <ClInclude Include="encoder\InputModule.hpp">
      <Filter>Encoder Files\Header Files</Filter>
    </ClInclude>
    <ClInclude Include="encoder\EncoderSettings.hpp">
      <Filter>Main Program Files\Header Files</Filter>
    </ClInclude>
    <ClInclude Include="encoder\EncoderState.hpp">
      <Filter>Main Program Files\Header Files</Filter>
    </ClInclude>
    <ClInclude Include="encoder\CDReadJob.hpp">
      <Filter>Encoder Files\Header Files</Filter>
    </ClInclude>
    <ClInclude Include="encoder\EncoderErrorHandler.hpp">
      <Filter>Encoder Files\Header Files</Filter>
    </ClInclude>
    <ClInclude Include="encoder\AlwaysSkipErrorHandler.hpp">
      <Filter>Encoder Files\Header Files</Filter>
    </ClInclude>
    <ClInclude Include="Boost.hpp">
      <Filter>Main Program Files\Header Files</Filter>
    </ClInclude>
    <ClInclude Include="StdCppLib.hpp">
      <Filter>Main Program Files\Header Files</Filter>
    </ClInclude>
    <ClInclude Include="Task.hpp">
      <Filter>Main Program Files\Header Files</Filter>
    </ClInclude>
    <ClInclude Include="TaskInfo.hpp">
      <Filter>Main Program Files\Header Files</Filter>
    </ClInclude>
    <ClInclude Include="TaskManager.hpp">
      <Filter>Main Program Files\Header Files</Filter>
    </ClInclude>
    <ClInclude Include="TaskManagerConfig.hpp">
      <Filter>Main Program Files\Header Files</Filter>
    </ClInclude>
    <ClInclude Include="Win32.hpp">
      <Filter>Main Program Files\Header Files</Filter>
    </ClInclude>
    <ClInclude Include="Wtl.hpp">
      <Filter>Main Program Files\Header Files</Filter>
    </ClInclude>
    <ClInclude Include="Atl.hpp">
      <Filter>Main Program Files\Header Files</Filter>
    </ClInclude>
    <ClInclude Include="App.hpp">
      <Filter>Main Program Files\Header Files</Filter>
    </ClInclude>
    <ClInclude Include="CDRipDiscInfo.hpp">
      <Filter>Main Program Files\Header Files</Filter>
    </ClInclude>
    <ClInclude Include="DynamicLibrary.hpp">
      <Filter>Main Program Files\Header Files</Filter>
    </ClInclude>
    <ClInclude Include="HtmlHelper.hpp">
      <Filter>Main Program Files\Header Files</Filter>
    </ClInclude>
    <ClInclude Include="IniFile.hpp">
      <Filter>Main Program Files\Header Files</Filter>
    </ClInclude>
    <ClInclude Include="InputFilesParser.hpp">
      <Filter>Main Program Files\Header Files</Filter>
    </ClInclude>
    <ClInclude Include="CDRipTrackInfo.hpp">
      <Filter>Main Program Files\Header Files</Filter>
    </ClInclude>
    <ClInclude Include="CDRipTrackManager.hpp">
      <Filter>Main Program Files\Header Files</Filter>
    </ClInclude>
    <ClInclude Include="EncoderInterface.hpp">
      <Filter>Main Program Files\Header Files</Filter>
    </ClInclude>
    <ClInclude Include="SettingsManager.hpp">
      <Filter>Main Program Files\Header Files</Filter>
    </ClInclude>
    <ClInclude Include="PresetManagerInterface.hpp">
      <Filter>Main Program Files\Header Files</Filter>
    </ClInclude>
    <ClInclude Include="UIinterface.hpp">
      <Filter>Main Program Files\Header Files</Filter>
    </ClInclude>
    <ClInclude Include="UISettings.hpp">
      <Filter>Main Program Files\Header Files</Filter>
    </ClInclude>
    <ClInclude Include="VariableManager.hpp">
      <Filter>Main Program Files\Header Files</Filter>
    </ClInclude>
    <ClInclude Include="TaskCreationHelper.hpp">
      <Filter>Main Program Files\Header Files</Filter>
    </ClInclude>
    <ClInclude Include="classic\AacSettingsPage.hpp">
      <Filter>Classic UI Files\Header Files</Filter>
    </ClInclude>
    <ClInclude Include="classic\CDRipDlg.hpp">
      <Filter>Classic UI Files\Header Files</Filter>
    </ClInclude>
    <ClInclude Include="classic\CDRipPage.hpp">
      <Filter>Classic UI Files\Header Files</Filter>
    </ClInclude>
    <ClInclude Include="classic\EncodePage.hpp">
      <Filter>Classic UI Files\Header Files</Filter>
    </ClInclude>
    <ClInclude Include="classic\ErrorDlg.hpp">
      <Filter>Classic UI Files\Header Files</Filter>
    </ClInclude>
    <ClInclude Include="classic\InputPage.hpp">
      <Filter>Classic UI Files\Header Files</Filter>
    </ClInclude>
    <ClInclude Include="classic\LameSimpleSettingsPage.hpp">
      <Filter>Classic UI Files\Header Files</Filter>
    </ClInclude>
    <ClInclude Include="classic\MainDlg.hpp">
      <Filter>Classic UI Files\Header Files</Filter>
    </ClInclude>
    <ClInclude Include="classic\OggVorbisSettingsPage.hpp">
      <Filter>Classic UI Files\Header Files</Filter>
    </ClInclude>
    <ClInclude Include="classic\OptionsDlg.hpp">
      <Filter>Classic UI Files\Header Files</Filter>
    </ClInclude>
    <ClInclude Include="classic\OpusSettingsPage.hpp">
      <Filter>Classic UI Files\Header Files</Filter>
    </ClInclude>
    <ClInclude Include="classic\OutputPage.hpp">
      <Filter>Classic UI Files\Header Files</Filter>
    </ClInclude>
    <ClInclude Include="classic\WmaOutputSettingsPage.hpp">
      <Filter>Classic UI Files\Header Files</Filter>
    </ClInclude>
    <ClInclude Include="classic\WaveOutputSettingsPage.hpp">
      <Filter>Classic UI Files\Header Files</Filter>
    </ClInclude>
    <ClInclude Include="TrackEditListCtrl.hpp">
      <Filter>Classic UI Files\Header Files</Filter>
    </ClInclude>
    <ClInclude Include="classic\SystemTrayIcon.hpp">
      <Filter>Classic UI Files\Header Files</Filter>
    </ClInclude>
    <ClInclude Include="classic\PresetsPage.hpp">
      <Filter>Classic UI Files\Header Files</Filter>
    </ClInclude>
    <ClInclude Include="classic\PageBase.hpp">
      <Filter>Classic UI Files\Header Files</Filter>
    </ClInclude>
    <ClInclude Include="classic\CommonStuff.hpp">
      <Filter>Classic UI Files\Header Files</Filter>
    </ClInclude>
    <ClInclude Include="CrashReporter.hpp">
      <Filter>Main Program Files\Header Files</Filter>
    </ClInclude>
    <ClInclude Include="encoder\LameNogapInstanceManager.hpp">
      <Filter>Encoder Files\Header Files</Filter>
    </ClInclude>
    <ClInclude Include="ui\CrashSaveResultsDlg.hpp">
      <Filter>Modern UI Files\Header Files</Filter>
    </ClInclude>
  </ItemGroup>
  <ItemGroup>
    <Image Include="res\btnicons.bmp">
      <Filter>Classic UI Files\Resource Files</Filter>
    </Image>
    <Image Include="res\help.bmp">
      <Filter>Classic UI Files\Resource Files</Filter>
    </Image>
    <Image Include="res\idle.ico">
      <Filter>Classic UI Files\Resource Files</Filter>
    </Image>
    <Image Include="res\logo.bmp">
      <Filter>Classic UI Files\Resource Files</Filter>
    </Image>
    <Image Include="res\working.ico">
      <Filter>Classic UI Files\Resource Files</Filter>
    </Image>
    <Image Include="res\winlame.ico">
      <Filter>Modern UI Files\Resource Files</Filter>
    </Image>
  </ItemGroup>
  <ItemGroup>
    <None Include="res\about.html">
      <Filter>Modern UI Files\Resource Files</Filter>
    </None>
    <None Include="res\MainFrameRibbon.bml">
      <Filter>Modern UI Files\Resource Files\Generated Files</Filter>
    </None>
  </ItemGroup>
  <ItemGroup>
    <ResourceCompile Include="winlame.rc">
      <Filter>Modern UI Files\Resource Files</Filter>
    </ResourceCompile>
    <ResourceCompile Include="res\MainFrameRibbon.rc">
      <Filter>Modern UI Files\Resource Files\Generated Files</Filter>
    </ResourceCompile>
  </ItemGroup>
  <ItemGroup>
    <Xml Include="..\presets.xml" />
  </ItemGroup>
  <ItemGroup>
    <Text Include="..\..\docs\TODO.txt" />
  </ItemGroup>
  <ItemGroup>
    <CustomBuild Include="res\MainFrameRibbon.xml">
      <Filter>Modern UI Files\Resource Files</Filter>
    </CustomBuild>
  </ItemGroup>
</Project>