<?xml version="1.0" encoding="utf-8"?>
<Project ToolsVersion="4.0" xmlns="http://schemas.microsoft.com/developer/msbuild/2003">
  <ItemGroup>
    <Filter Include="Preset Files">
      <UniqueIdentifier>{31fd3636-f0fb-4209-8161-90b9c621707f}</UniqueIdentifier>
    </Filter>
    <Filter Include="Preset Files\Header Files">
      <UniqueIdentifier>{8f38b30e-c72f-45e5-873f-62ec3e1fe8d2}</UniqueIdentifier>
    </Filter>
    <Filter Include="Preset Files\Source Files">
      <UniqueIdentifier>{8e5db12d-be4d-4eb3-b3cb-2263f5d5b676}</UniqueIdentifier>
    </Filter>
    <Filter Include="Main Program Files">
      <UniqueIdentifier>{8a50c7d7-045b-44c0-8bf1-5e43fbc34fdf}</UniqueIdentifier>
    </Filter>
    <Filter Include="Main Program Files\Source Files">
      <UniqueIdentifier>{06f009a9-abce-4288-a701-183878ad4619}</UniqueIdentifier>
      <Extensions>cpp;c;cxx;rc;def;r;odl;idl;hpj;bat</Extensions>
    </Filter>
    <Filter Include="Main Program Files\Header Files">
      <UniqueIdentifier>{aa1984d8-2d06-448b-9d82-b720bbc9e634}</UniqueIdentifier>
      <Extensions>h;hpp;hxx;hm;inl</Extensions>
    </Filter>
    <Filter Include="Modern UI Files">
      <UniqueIdentifier>{91fdb3c2-3213-46ef-8319-8860047d989f}</UniqueIdentifier>
    </Filter>
    <Filter Include="Modern UI Files\Header Files">
      <UniqueIdentifier>{4e44bfeb-c69d-496a-aae7-77a6b1161aba}</UniqueIdentifier>
    </Filter>
    <Filter Include="Modern UI Files\Source Files">
      <UniqueIdentifier>{0d8c9410-0e0c-4222-8416-7240dde85894}</UniqueIdentifier>
    </Filter>
    <Filter Include="Modern UI Files\Resource Files">
      <UniqueIdentifier>{740fc0d6-e2df-406c-a370-db608506fe80}</UniqueIdentifier>
      <Extensions>rc;ico;cur;bmp;dlg;rc2;rct;bin;rgs;jpg;jpeg;jpe;manifest</Extensions>
    </Filter>
    <Filter Include="Modern UI Files\Resource Files\Generated Files">
      <UniqueIdentifier>{7e9e0b1f-aa29-45d6-87c4-ccd49fb40dc5}</UniqueIdentifier>
    </Filter>
    <Filter Include="Classic UI Files">
      <UniqueIdentifier>{9cf7725f-cee1-4a9d-a721-4d1255dc7a8b}</UniqueIdentifier>
    </Filter>
    <Filter Include="Classic UI Files\Header Files">
      <UniqueIdentifier>{532dbb09-4082-4229-aa52-684cfb627e67}</UniqueIdentifier>
    </Filter>
    <Filter Include="Classic UI Files\Source Files">
      <UniqueIdentifier>{d3ce9737-a003-467c-b686-160f28e9efef}</UniqueIdentifier>
    </Filter>
    <Filter Include="Classic UI Files\Resource Files">
      <UniqueIdentifier>{b42f5ecb-3b06-435a-ab5d-98c3264535b0}</UniqueIdentifier>
      <Extensions>ico;cur;bmp;dlg;rc2;rct;bin;rgs;gif;jpg;jpeg;jpe</Extensions>
    </Filter>
  </ItemGroup>
  <ItemGroup>
    <ClCompile Include="classic\CDRipDlg.cpp">
      <Filter>Classic UI Files\Source Files</Filter>
    </ClCompile>
    <ClCompile Include="classic\CDRipPage.cpp">
      <Filter>Classic UI Files\Source Files</Filter>
    </ClCompile>
    <ClCompile Include="classic\CommonStuff.cpp">
      <Filter>Classic UI Files\Source Files</Filter>
    </ClCompile>
    <ClCompile Include="classic\EncodePage.cpp">
      <Filter>Classic UI Files\Source Files</Filter>
    </ClCompile>
    <ClCompile Include="classic\InputPage.cpp">
      <Filter>Classic UI Files\Source Files</Filter>
    </ClCompile>
    <ClCompile Include="classic\LameSimpleSettingsPage.cpp">
      <Filter>Classic UI Files\Source Files</Filter>
    </ClCompile>
    <ClCompile Include="classic\MainDlg.cpp">
      <Filter>Classic UI Files\Source Files</Filter>
    </ClCompile>
    <ClCompile Include="classic\OptionsDlg.cpp">
      <Filter>Classic UI Files\Source Files</Filter>
    </ClCompile>
    <ClCompile Include="classic\OutputPage.cpp">
      <Filter>Classic UI Files\Source Files</Filter>
    </ClCompile>
    <ClCompile Include="classic\PresetsPage.cpp">
      <Filter>Classic UI Files\Source Files</Filter>
    </ClCompile>
    <ClCompile Include="classic\WaveOutputSettingsPage.cpp">
      <Filter>Classic UI Files\Source Files</Filter>
    </ClCompile>
    <ClCompile Include="classic\WmaOutputSettingsPage.cpp">
      <Filter>Classic UI Files\Source Files</Filter>
    </ClCompile>
    <ClCompile Include="preset\PresetManagerImpl.cpp">
      <Filter>Preset Files\Source Files</Filter>
    </ClCompile>
    <ClCompile Include="preset\PropertyListBox.cpp">
      <Filter>Preset Files\Source Files</Filter>
    </ClCompile>
    <ClCompile Include="App.cpp">
      <Filter>Main Program Files\Source Files</Filter>
    </ClCompile>
    <ClCompile Include="CDRipTrackManager.cpp">
      <Filter>Main Program Files\Source Files</Filter>
    </ClCompile>
    <ClCompile Include="LangCountryMapper.cpp">
      <Filter>Main Program Files\Source Files</Filter>
    </ClCompile>
    <ClCompile Include="LanguageResourceManager.cpp">
      <Filter>Main Program Files\Source Files</Filter>
    </ClCompile>
    <ClCompile Include="stdafx.cpp">
      <Filter>Main Program Files\Source Files</Filter>
    </ClCompile>
    <ClCompile Include="TaskManager.cpp">
      <Filter>Main Program Files\Source Files</Filter>
    </ClCompile>
    <ClCompile Include="UISettings.cpp">
      <Filter>Main Program Files\Source Files</Filter>
    </ClCompile>
    <ClCompile Include="winlame.cpp">
      <Filter>Main Program Files\Source Files</Filter>
    </ClCompile>
    <ClCompile Include="ui\CDReadSettingsPage.cpp">
      <Filter>Modern UI Files\Source Files</Filter>
    </ClCompile>
    <ClCompile Include="ui\DropFilesManager.cpp">
      <Filter>Modern UI Files\Source Files</Filter>
    </ClCompile>
    <ClCompile Include="ui\GeneralSettingsPage.cpp">
      <Filter>Modern UI Files\Source Files</Filter>
    </ClCompile>
    <ClCompile Include="ui\InputFilesPage.cpp">
      <Filter>Modern UI Files\Source Files</Filter>
    </ClCompile>
    <ClCompile Include="ui\MainFrame.cpp">
      <Filter>Modern UI Files\Source Files</Filter>
    </ClCompile>
    <ClCompile Include="ui\TasksView.cpp">
      <Filter>Modern UI Files\Source Files</Filter>
    </ClCompile>
    <ClCompile Include="ui\WizardPageHost.cpp">
      <Filter>Modern UI Files\Source Files</Filter>
    </ClCompile>
    <ClCompile Include="ui\InputCDPage.cpp">
      <Filter>Modern UI Files\Source Files</Filter>
    </ClCompile>
    <ClCompile Include="ui\PresetSelectionPage.cpp">
      <Filter>Modern UI Files\Source Files</Filter>
    </ClCompile>
    <ClCompile Include="ui\OutputSettingsPage.cpp">
      <Filter>Modern UI Files\Source Files</Filter>
    </ClCompile>
    <ClCompile Include="ui\AACSettingsPage.cpp">
      <Filter>Modern UI Files\Source Files</Filter>
    </ClCompile>
    <ClCompile Include="ui\LAMESettingsPage.cpp">
      <Filter>Modern UI Files\Source Files</Filter>
    </ClCompile>
    <ClCompile Include="ui\WMASettingsPage.cpp">
      <Filter>Modern UI Files\Source Files</Filter>
    </ClCompile>
    <ClCompile Include="ui\OggVorbisSettingsPage.cpp">
      <Filter>Modern UI Files\Source Files</Filter>
    </ClCompile>
    <ClCompile Include="ui\LibsndfileSettingsPage.cpp">
      <Filter>Modern UI Files\Source Files</Filter>
    </ClCompile>
    <ClCompile Include="classic\OggVorbisSettingsPage_old.cpp">
      <Filter>Classic UI Files\Source Files</Filter>
    </ClCompile>
    <ClCompile Include="ui\AboutDlg.cpp">
      <Filter>Modern UI Files\Source Files</Filter>
    </ClCompile>
    <ClCompile Include="ui\ImageListComboBox.cpp">
      <Filter>Modern UI Files\Source Files</Filter>
    </ClCompile>
    <ClCompile Include="ui\InputListCtrl.cpp">
      <Filter>Modern UI Files\Source Files</Filter>
    </ClCompile>
    <ClCompile Include="InputFilesParser.cpp">
      <Filter>Main Program Files\Source Files</Filter>
    </ClCompile>
    <ClCompile Include="ui\FinishPage.cpp">
      <Filter>Modern UI Files\Source Files</Filter>
    </ClCompile>
    <ClCompile Include="ui\FixedValueSpinButtonCtrl.cpp">
      <Filter>Modern UI Files\Source Files</Filter>
    </ClCompile>
    <ClCompile Include="ui\BevelLine.cpp">
      <Filter>Modern UI Files\Source Files</Filter>
    </ClCompile>
    <ClCompile Include="ui\FreeDbDiscListDlg.cpp">
      <Filter>Modern UI Files\Source Files</Filter>
    </ClCompile>
    <ClCompile Include="AudioFileInfoManager.cpp">
      <Filter>Main Program Files\Source Files</Filter>
    </ClCompile>
    <ClCompile Include="CDRipTitleFormatManager.cpp">
      <Filter>Main Program Files\Source Files</Filter>
    </ClCompile>
    <ClCompile Include="ui\OpusSettingsPage.cpp">
      <Filter>Modern UI Files\Source Files</Filter>
    </ClCompile>
    <ClCompile Include="classic\OpusSettingsPage_old.cpp">
      <Filter>Classic UI Files\Source Files</Filter>
    </ClCompile>
    <ClCompile Include="FreedbInfo.cpp">
      <Filter>Main Program Files\Source Files</Filter>
    </ClCompile>
    <ClCompile Include="TaskCreationHelper.cpp">
      <Filter>Main Program Files\Source Files</Filter>
    </ClCompile>
    <ClCompile Include="ui\CrashSaveResultsDlg.cpp">
      <Filter>Modern UI Files\Source Files</Filter>
    </ClCompile>
    <ClCompile Include="CoverArtArchive.cpp">
      <Filter>Main Program Files\Source Files</Filter>
    </ClCompile>
    <ClCompile Include="HttpClient.cpp">
      <Filter>Main Program Files\Source Files</Filter>
    </ClCompile>
    <ClCompile Include="UI\CoverArtDlg.cpp">
      <Filter>Modern UI Files\Source Files</Filter>
    </ClCompile>
    <ClCompile Include="classic\AacSettingsPageClassic.cpp">
      <Filter>Classic UI Files\Source Files</Filter>
    </ClCompile>
    <ClCompile Include="ui\TaskDetailsView.cpp">
      <Filter>Modern UI Files\Source Files</Filter>
    </ClCompile>
    <ClCompile Include="classic\ClassicModeStartPage.cpp">
      <Filter>Classic UI Files\Source Files</Filter>
    </ClCompile>
    <ClCompile Include="classic\ClassicModeEncoderPage.cpp">
      <Filter>Classic UI Files\Source Files</Filter>
    </ClCompile>
  </ItemGroup>
  <ItemGroup>
    <ClInclude Include="preset\PresetManagerImpl.h">
      <Filter>Preset Files\Header Files</Filter>
    </ClInclude>
    <ClInclude Include="preset\PropertyDlg.h">
      <Filter>Preset Files\Header Files</Filter>
    </ClInclude>
    <ClInclude Include="preset\PropertyListBox.h">
      <Filter>Preset Files\Header Files</Filter>
    </ClInclude>
    <ClInclude Include="LangCountryMapper.hpp">
      <Filter>Main Program Files\Header Files</Filter>
    </ClInclude>
    <ClInclude Include="LanguageResourceManager.hpp">
      <Filter>Main Program Files\Header Files</Filter>
    </ClInclude>
    <ClInclude Include="stdafx.h">
      <Filter>Main Program Files\Header Files</Filter>
    </ClInclude>
    <ClInclude Include="resource.h">
      <Filter>Modern UI Files\Resource Files</Filter>
    </ClInclude>
    <ClInclude Include="ui\OggVorbisSettingsPage.hpp">
      <Filter>Modern UI Files\Header Files</Filter>
    </ClInclude>
    <ClInclude Include="ui\WMASettingsPage.hpp">
      <Filter>Modern UI Files\Header Files</Filter>
    </ClInclude>
    <ClInclude Include="ui\LibsndfileSettingsPage.hpp">
      <Filter>Modern UI Files\Header Files</Filter>
    </ClInclude>
    <ClInclude Include="ui\LAMESettingsPage.hpp">
      <Filter>Modern UI Files\Header Files</Filter>
    </ClInclude>
    <ClInclude Include="ui\FinishPage.hpp">
      <Filter>Modern UI Files\Header Files</Filter>
    </ClInclude>
    <ClInclude Include="ui\InputCDPage.hpp">
      <Filter>Modern UI Files\Header Files</Filter>
    </ClInclude>
    <ClInclude Include="ui\OutputSettingsPage.hpp">
      <Filter>Modern UI Files\Header Files</Filter>
    </ClInclude>
    <ClInclude Include="ui\PresetSelectionPage.hpp">
      <Filter>Modern UI Files\Header Files</Filter>
    </ClInclude>
    <ClInclude Include="ui\AACSettingsPage.hpp">
      <Filter>Modern UI Files\Header Files</Filter>
    </ClInclude>
    <ClInclude Include="ui\AboutDlg.hpp">
      <Filter>Modern UI Files\Header Files</Filter>
    </ClInclude>
    <ClInclude Include="ui\AlternateColorsListCtrl.hpp">
      <Filter>Modern UI Files\Header Files</Filter>
    </ClInclude>
    <ClInclude Include="ui\FixedValueSpinButtonCtrl.hpp">
      <Filter>Modern UI Files\Header Files</Filter>
    </ClInclude>
    <ClInclude Include="ui\BevelLine.hpp">
      <Filter>Modern UI Files\Header Files</Filter>
    </ClInclude>
    <ClInclude Include="ui\CDReadSettingsPage.hpp">
      <Filter>Modern UI Files\Header Files</Filter>
    </ClInclude>
    <ClInclude Include="ui\DropFilesManager.hpp">
      <Filter>Modern UI Files\Header Files</Filter>
    </ClInclude>
    <ClInclude Include="ui\GeneralSettingsPage.hpp">
      <Filter>Modern UI Files\Header Files</Filter>
    </ClInclude>
    <ClInclude Include="ui\ImageListComboBox.hpp">
      <Filter>Modern UI Files\Header Files</Filter>
    </ClInclude>
    <ClInclude Include="ui\InputFilesPage.hpp">
      <Filter>Modern UI Files\Header Files</Filter>
    </ClInclude>
    <ClInclude Include="ui\InputListCtrl.hpp">
      <Filter>Modern UI Files\Header Files</Filter>
    </ClInclude>
    <ClInclude Include="ui\MainFrame.hpp">
      <Filter>Modern UI Files\Header Files</Filter>
    </ClInclude>
    <ClInclude Include="ui\ResourceInstanceSwitcher.hpp">
      <Filter>Modern UI Files\Header Files</Filter>
    </ClInclude>
    <ClInclude Include="ui\TasksView.hpp">
      <Filter>Modern UI Files\Header Files</Filter>
    </ClInclude>
    <ClInclude Include="ui\WizardPage.hpp">
      <Filter>Modern UI Files\Header Files</Filter>
    </ClInclude>
    <ClInclude Include="ui\WizardPageHost.hpp">
      <Filter>Modern UI Files\Header Files</Filter>
    </ClInclude>
    <ClInclude Include="ui\FreeDbDiscListDlg.hpp">
      <Filter>Modern UI Files\Header Files</Filter>
    </ClInclude>
    <ClInclude Include="res\MainFrameRibbon.h">
      <Filter>Modern UI Files\Resource Files\Generated Files</Filter>
    </ClInclude>
    <ClInclude Include="ui\RedrawLock.hpp">
      <Filter>Modern UI Files\Header Files</Filter>
    </ClInclude>
    <ClInclude Include="AudioFileInfoManager.hpp">
      <Filter>Main Program Files\Header Files</Filter>
    </ClInclude>
    <ClInclude Include="CDRipTitleFormatManager.hpp">
      <Filter>Main Program Files\Header Files</Filter>
    </ClInclude>
    <ClInclude Include="ui\OpusSettingsPage.hpp">
      <Filter>Modern UI Files\Header Files</Filter>
    </ClInclude>
    <ClInclude Include="FreedbInfo.hpp">
      <Filter>Main Program Files\Header Files</Filter>
    </ClInclude>
    <ClInclude Include="ModuleManager.hpp">
      <Filter>Main Program Files\Header Files</Filter>
    </ClInclude>
    <ClInclude Include="StdCppLib.hpp">
      <Filter>Main Program Files\Header Files</Filter>
    </ClInclude>
    <ClInclude Include="Task.hpp">
      <Filter>Main Program Files\Header Files</Filter>
    </ClInclude>
    <ClInclude Include="TaskInfo.hpp">
      <Filter>Main Program Files\Header Files</Filter>
    </ClInclude>
    <ClInclude Include="TaskManager.hpp">
      <Filter>Main Program Files\Header Files</Filter>
    </ClInclude>
    <ClInclude Include="TaskManagerConfig.hpp">
      <Filter>Main Program Files\Header Files</Filter>
    </ClInclude>
    <ClInclude Include="App.hpp">
      <Filter>Main Program Files\Header Files</Filter>
    </ClInclude>
    <ClInclude Include="CDRipDiscInfo.hpp">
      <Filter>Main Program Files\Header Files</Filter>
    </ClInclude>
    <ClInclude Include="HtmlHelper.hpp">
      <Filter>Main Program Files\Header Files</Filter>
    </ClInclude>
    <ClInclude Include="InputFilesParser.hpp">
      <Filter>Main Program Files\Header Files</Filter>
    </ClInclude>
    <ClInclude Include="CDRipTrackInfo.hpp">
      <Filter>Main Program Files\Header Files</Filter>
    </ClInclude>
    <ClInclude Include="CDRipTrackManager.hpp">
      <Filter>Main Program Files\Header Files</Filter>
    </ClInclude>
    <ClInclude Include="PresetManagerInterface.hpp">
      <Filter>Main Program Files\Header Files</Filter>
    </ClInclude>
    <ClInclude Include="UIinterface.hpp">
      <Filter>Main Program Files\Header Files</Filter>
    </ClInclude>
    <ClInclude Include="UISettings.hpp">
      <Filter>Main Program Files\Header Files</Filter>
    </ClInclude>
    <ClInclude Include="TaskCreationHelper.hpp">
      <Filter>Main Program Files\Header Files</Filter>
    </ClInclude>
    <ClInclude Include="classic\CDRipDlg.hpp">
      <Filter>Classic UI Files\Header Files</Filter>
    </ClInclude>
    <ClInclude Include="classic\CDRipPage.hpp">
      <Filter>Classic UI Files\Header Files</Filter>
    </ClInclude>
    <ClInclude Include="classic\EncodePage.hpp">
      <Filter>Classic UI Files\Header Files</Filter>
    </ClInclude>
    <ClInclude Include="classic\ErrorDlg.hpp">
      <Filter>Classic UI Files\Header Files</Filter>
    </ClInclude>
    <ClInclude Include="classic\InputPage.hpp">
      <Filter>Classic UI Files\Header Files</Filter>
    </ClInclude>
    <ClInclude Include="classic\LameSimpleSettingsPage.hpp">
      <Filter>Classic UI Files\Header Files</Filter>
    </ClInclude>
    <ClInclude Include="classic\MainDlg.hpp">
      <Filter>Classic UI Files\Header Files</Filter>
    </ClInclude>
    <ClInclude Include="classic\OggVorbisSettingsPage.hpp">
      <Filter>Classic UI Files\Header Files</Filter>
    </ClInclude>
    <ClInclude Include="classic\OptionsDlg.hpp">
      <Filter>Classic UI Files\Header Files</Filter>
    </ClInclude>
    <ClInclude Include="classic\OpusSettingsPage.hpp">
      <Filter>Classic UI Files\Header Files</Filter>
    </ClInclude>
    <ClInclude Include="classic\OutputPage.hpp">
      <Filter>Classic UI Files\Header Files</Filter>
    </ClInclude>
    <ClInclude Include="classic\WmaOutputSettingsPage.hpp">
      <Filter>Classic UI Files\Header Files</Filter>
    </ClInclude>
    <ClInclude Include="classic\WaveOutputSettingsPage.hpp">
      <Filter>Classic UI Files\Header Files</Filter>
    </ClInclude>
    <ClInclude Include="classic\SystemTrayIcon.hpp">
      <Filter>Classic UI Files\Header Files</Filter>
    </ClInclude>
    <ClInclude Include="classic\PresetsPage.hpp">
      <Filter>Classic UI Files\Header Files</Filter>
    </ClInclude>
    <ClInclude Include="classic\PageBase.hpp">
      <Filter>Classic UI Files\Header Files</Filter>
    </ClInclude>
    <ClInclude Include="classic\CommonStuff.hpp">
      <Filter>Classic UI Files\Header Files</Filter>
    </ClInclude>
    <ClInclude Include="ui\CrashSaveResultsDlg.hpp">
      <Filter>Modern UI Files\Header Files</Filter>
    </ClInclude>
    <ClInclude Include="HttpClient.hpp">
      <Filter>Main Program Files\Header Files</Filter>
    </ClInclude>
    <ClInclude Include="UI\CoverArtDlg.hpp">
      <Filter>Modern UI Files\Header Files</Filter>
    </ClInclude>
    <ClInclude Include="CoverArtArchive.hpp">
      <Filter>Main Program Files\Header Files</Filter>
    </ClInclude>
    <ClInclude Include="classic\AacSettingsPageClassic.hpp">
      <Filter>Classic UI Files\Header Files</Filter>
    </ClInclude>
    <ClInclude Include="ui\TaskDetailsView.hpp">
      <Filter>Modern UI Files\Header Files</Filter>
    </ClInclude>
    <ClInclude Include="classic\ClassicModeStartPage.hpp">
      <Filter>Classic UI Files\Header Files</Filter>
    </ClInclude>
    <ClInclude Include="TrackEditListCtrl.hpp">
      <Filter>Modern UI Files\Header Files</Filter>
    </ClInclude>
    <ClInclude Include="classic\ClassicModeEncoderPage.hpp">
      <Filter>Classic UI Files\Header Files</Filter>
    </ClInclude>
  </ItemGroup>
  <ItemGroup>
    <Image Include="res\btnicons.bmp">
      <Filter>Classic UI Files\Resource Files</Filter>
    </Image>
    <Image Include="res\help.bmp">
      <Filter>Classic UI Files\Resource Files</Filter>
    </Image>
    <Image Include="res\idle.ico">
      <Filter>Classic UI Files\Resource Files</Filter>
    </Image>
    <Image Include="res\logo.bmp">
      <Filter>Classic UI Files\Resource Files</Filter>
    </Image>
    <Image Include="res\working.ico">
      <Filter>Classic UI Files\Resource Files</Filter>
    </Image>
    <Image Include="res\winlame.ico">
      <Filter>Modern UI Files\Resource Files</Filter>
    </Image>
    <Image Include="res\Toolbar32.bmp">
      <Filter>Modern UI Files\Resource Files</Filter>
    </Image>
    <Image Include="res\open_files.bmp">
      <Filter>Modern UI Files\Resource Files</Filter>
    </Image>
    <Image Include="res\read_cd.bmp">
      <Filter>Modern UI Files\Resource Files</Filter>
    </Image>
    <Image Include="res\tasks_stop_all.bmp">
      <Filter>Modern UI Files\Resource Files</Filter>
    </Image>
    <Image Include="res\tasks_remove_completed.bmp">
      <Filter>Modern UI Files\Resource Files</Filter>
    </Image>
    <Image Include="res\settings_general.bmp">
      <Filter>Modern UI Files\Resource Files</Filter>
    </Image>
    <Image Include="res\settings_freedb.bmp">
      <Filter>Modern UI Files\Resource Files</Filter>
    </Image>
    <Image Include="res\finish_action.bmp">
      <Filter>Modern UI Files\Resource Files</Filter>
    </Image>
    <Image Include="res\finish_action_none.bmp">
      <Filter>Modern UI Files\Resource Files</Filter>
    </Image>
    <Image Include="res\finish_action_close.bmp">
      <Filter>Modern UI Files\Resource Files</Filter>
    </Image>
    <Image Include="res\finish_action_standby.bmp">
      <Filter>Modern UI Files\Resource Files</Filter>
    </Image>
    <Image Include="res\view_ribbon.bmp">
      <Filter>Modern UI Files\Resource Files</Filter>
    </Image>
    <Image Include="res\switch_classic.bmp">
      <Filter>Modern UI Files\Resource Files</Filter>
    </Image>
    <Image Include="res\emoticon_grin.bmp">
      <Filter>Modern UI Files\Resource Files</Filter>
    </Image>
    <Image Include="res\emoticon_unhappy.bmp">
      <Filter>Modern UI Files\Resource Files</Filter>
    </Image>
    <Image Include="res\app_about.bmp">
      <Filter>Modern UI Files\Resource Files</Filter>
    </Image>
    <Image Include="res\app_exit.bmp">
      <Filter>Modern UI Files\Resource Files</Filter>
    </Image>
    <Image Include="res\flags.bmp">
      <Filter>Modern UI Files\Resource Files</Filter>
    </Image>
    <Image Include="res\tasks.bmp">
      <Filter>Modern UI Files\Resource Files</Filter>
    </Image>
  </ItemGroup>
  <ItemGroup>
    <None Include="res\about.html">
      <Filter>Modern UI Files\Resource Files</Filter>
    </None>
    <None Include="res\MainFrameRibbon.bml">
      <Filter>Modern UI Files\Resource Files\Generated Files</Filter>
    </None>
    <None Include="packages.config" />
  </ItemGroup>
  <ItemGroup>
    <ResourceCompile Include="winlame.rc">
      <Filter>Modern UI Files\Resource Files</Filter>
    </ResourceCompile>
    <ResourceCompile Include="res\MainFrameRibbon.rc">
      <Filter>Modern UI Files\Resource Files\Generated Files</Filter>
    </ResourceCompile>
  </ItemGroup>
  <ItemGroup>
    <Xml Include="..\presets.xml" />
  </ItemGroup>
  <ItemGroup>
    <Text Include="..\..\docs\TODO.txt" />
  </ItemGroup>
  <ItemGroup>
    <CustomBuild Include="res\MainFrameRibbon.xml">
      <Filter>Modern UI Files\Resource Files</Filter>
    </CustomBuild>
  </ItemGroup>
</Project>