<?xml version="1.0" encoding="utf-8"?>
<Project ToolsVersion="4.0" xmlns="http://schemas.microsoft.com/developer/msbuild/2003">
  <ItemGroup>
    <Filter Include="aacinfo files">
      <UniqueIdentifier>{a0973a5f-1f6b-4fc1-9f96-92242a06351b}</UniqueIdentifier>
    </Filter>
    <Filter Include="id3 files">
      <UniqueIdentifier>{44425b6e-65b3-441a-be07-808feac6f9c6}</UniqueIdentifier>
    </Filter>
    <Filter Include="mad dither files">
      <UniqueIdentifier>{79898457-811b-49d6-8d9a-b859e51f1b46}</UniqueIdentifier>
    </Filter>
    <Filter Include="Header Files">
      <UniqueIdentifier>{5ec8e7f3-2ed1-48fb-af31-3b46b9da79a0}</UniqueIdentifier>
    </Filter>
    <Filter Include="Source Files">
      <UniqueIdentifier>{31bbd75f-9aed-49ce-8057-20b25986215c}</UniqueIdentifier>
    </Filter>
  </ItemGroup>
  <ItemGroup>
    <ClInclude Include="stdafx.h">
      <Filter>Header Files</Filter>
    </ClInclude>
    <ClInclude Include="dither\dither.h">
      <Filter>mad dither files</Filter>
    </ClInclude>
    <ClInclude Include="id3\Field.h">
      <Filter>id3 files</Filter>
    </ClInclude>
    <ClInclude Include="id3\File.h">
      <Filter>id3 files</Filter>
    </ClInclude>
    <ClInclude Include="id3\Frame.h">
      <Filter>id3 files</Filter>
    </ClInclude>
    <ClInclude Include="id3\Tag.h">
      <Filter>id3 files</Filter>
    </ClInclude>
    <ClInclude Include="aacinfo\aacinfo.h">
      <Filter>aacinfo files</Filter>
    </ClInclude>
    <ClInclude Include="aacinfo\filestream.h">
      <Filter>aacinfo files</Filter>
    </ClInclude>
    <ClInclude Include="CreatePlaylistTask.hpp">
      <Filter>Header Files</Filter>
    </ClInclude>
    <ClInclude Include="CDExtractTask.hpp">
      <Filter>Header Files</Filter>
    </ClInclude>
    <ClInclude Include="SpeexInputModule.hpp">
      <Filter>Header Files</Filter>
    </ClInclude>
    <ClInclude Include="OggInputStream.hpp">
      <Filter>Header Files</Filter>
    </ClInclude>
    <ClInclude Include="OpusInputModule.hpp">
      <Filter>Header Files</Filter>
    </ClInclude>
    <ClInclude Include="OpusOutputModule.hpp">
      <Filter>Header Files</Filter>
    </ClInclude>
    <ClInclude Include="SndFileOutputModule.hpp">
      <Filter>Header Files</Filter>
    </ClInclude>
    <ClInclude Include="SndFileInputModule.hpp">
      <Filter>Header Files</Filter>
    </ClInclude>
    <ClInclude Include="OggVorbisOutputModule.hpp">
      <Filter>Header Files</Filter>
    </ClInclude>
    <ClInclude Include="OggVorbisInputModule.hpp">
      <Filter>Header Files</Filter>
    </ClInclude>
    <ClInclude Include="AacInputModule.hpp">
      <Filter>Header Files</Filter>
    </ClInclude>
    <ClInclude Include="AacOutputModule.hpp">
      <Filter>Header Files</Filter>
    </ClInclude>
    <ClInclude Include="BassInputModule.hpp">
      <Filter>Header Files</Filter>
    </ClInclude>
    <ClInclude Include="BassWmaOutputModule.hpp">
      <Filter>Header Files</Filter>
    </ClInclude>
    <ClInclude Include="FlacInputModule.hpp">
      <Filter>Header Files</Filter>
    </ClInclude>
    <ClInclude Include="MadMpegInputModule.hpp">
      <Filter>Header Files</Filter>
    </ClInclude>
    <ClInclude Include="MonkeysAudioInputModule.hpp">
      <Filter>Header Files</Filter>
    </ClInclude>
    <ClInclude Include="WaveMp3Header.hpp">
      <Filter>Header Files</Filter>
    </ClInclude>
    <ClInclude Include="LameOutputModule.hpp">
      <Filter>Header Files</Filter>
    </ClInclude>
    <ClInclude Include="Id3v1Tag.hpp">
      <Filter>Header Files</Filter>
    </ClInclude>
    <ClInclude Include="TrackInfo.hpp">
      <Filter>Header Files</Filter>
    </ClInclude>
    <ClInclude Include="ModuleInterface.hpp">
      <Filter>Header Files</Filter>
    </ClInclude>
    <ClInclude Include="ModuleManagerImpl.hpp">
      <Filter>Header Files</Filter>
    </ClInclude>
    <ClInclude Include="EncoderTask.hpp">
      <Filter>Header Files</Filter>
    </ClInclude>
    <ClInclude Include="EncoderImpl.hpp">
      <Filter>Header Files</Filter>
    </ClInclude>
    <ClInclude Include="SampleContainer.hpp">
      <Filter>Header Files</Filter>
    </ClInclude>
    <ClInclude Include="SampleContainer.hpp">
      <Filter>Header Files</Filter>
    </ClInclude>
    <ClInclude Include="CDReadoutModule.hpp">
      <Filter>Header Files</Filter>
    </ClInclude>
    <ClInclude Include="ModuleBase.hpp">
      <Filter>Header Files</Filter>
    </ClInclude>
    <ClInclude Include="OutputModule.hpp">
      <Filter>Header Files</Filter>
    </ClInclude>
    <ClInclude Include="InputModule.hpp">
      <Filter>Header Files</Filter>
    </ClInclude>
    <ClInclude Include="CDReadJob.hpp">
      <Filter>Header Files</Filter>
    </ClInclude>
    <ClInclude Include="EncoderErrorHandler.hpp">
      <Filter>Header Files</Filter>
    </ClInclude>
    <ClInclude Include="AlwaysSkipErrorHandler.hpp">
      <Filter>Header Files</Filter>
    </ClInclude>
    <ClInclude Include="EncoderSettings.hpp">
      <Filter>Header Files</Filter>
    </ClInclude>
    <ClInclude Include="EncoderState.hpp">
      <Filter>Header Files</Filter>
    </ClInclude>
    <ClInclude Include="LameNogapInstanceManager.hpp">
      <Filter>Header Files</Filter>
    </ClInclude>
    <ClInclude Include="SndFileFormats.hpp">
      <Filter>Header Files</Filter>
    </ClInclude>
  </ItemGroup>
  <ItemGroup>
    <ClCompile Include="stdafx.cpp">
      <Filter>Source Files</Filter>
    </ClCompile>
    <ClCompile Include="AacInputModule.cpp">
      <Filter>Source Files</Filter>
    </ClCompile>
    <ClCompile Include="AacOutputModule.cpp">
      <Filter>Source Files</Filter>
    </ClCompile>
    <ClCompile Include="BassInputModule.cpp">
      <Filter>Source Files</Filter>
    </ClCompile>
    <ClCompile Include="BassWmaOutputModule.cpp">
      <Filter>Source Files</Filter>
    </ClCompile>
    <ClCompile Include="EncoderImpl.cpp">
      <Filter>Source Files</Filter>
    </ClCompile>
    <ClCompile Include="EncoderTask.cpp">
      <Filter>Source Files</Filter>
    </ClCompile>
    <ClCompile Include="FlacInputModule.cpp">
      <Filter>Source Files</Filter>
    </ClCompile>
    <ClCompile Include="Id3v1Tag.cpp">
      <Filter>Source Files</Filter>
    </ClCompile>
    <ClCompile Include="LameOutputModule.cpp">
      <Filter>Source Files</Filter>
    </ClCompile>
    <ClCompile Include="MadMpegInputModule.cpp">
      <Filter>Source Files</Filter>
    </ClCompile>
    <ClCompile Include="ModuleManagerImpl.cpp">
      <Filter>Source Files</Filter>
    </ClCompile>
    <ClCompile Include="MonkeysAudioInputModule.cpp">
      <Filter>Source Files</Filter>
    </ClCompile>
    <ClCompile Include="OggVorbisInputModule.cpp">
      <Filter>Source Files</Filter>
    </ClCompile>
    <ClCompile Include="OggVorbisOutputModule.cpp">
      <Filter>Source Files</Filter>
    </ClCompile>
    <ClCompile Include="SampleContainer.cpp">
      <Filter>Source Files</Filter>
    </ClCompile>
    <ClCompile Include="SndFileInputModule.cpp">
      <Filter>Source Files</Filter>
    </ClCompile>
    <ClCompile Include="TrackInfo.cpp">
      <Filter>Source Files</Filter>
    </ClCompile>
    <ClCompile Include="WaveMp3Header.cpp">
      <Filter>Source Files</Filter>
    </ClCompile>
    <ClCompile Include="dither\dither.c">
      <Filter>mad dither files</Filter>
    </ClCompile>
    <ClCompile Include="id3\Field.cpp">
      <Filter>id3 files</Filter>
    </ClCompile>
    <ClCompile Include="id3\File.cpp">
      <Filter>id3 files</Filter>
    </ClCompile>
    <ClCompile Include="id3\Frame.cpp">
      <Filter>id3 files</Filter>
    </ClCompile>
    <ClCompile Include="id3\Tag.cpp">
      <Filter>id3 files</Filter>
    </ClCompile>
    <ClCompile Include="aacinfo\aacinfo.c">
      <Filter>aacinfo files</Filter>
    </ClCompile>
    <ClCompile Include="aacinfo\filestream.c">
      <Filter>aacinfo files</Filter>
    </ClCompile>
    <ClCompile Include="CDExtractTask.cpp">
      <Filter>Source Files</Filter>
    </ClCompile>
    <ClCompile Include="CDReadoutModule.cpp">
      <Filter>Source Files</Filter>
    </ClCompile>
    <ClCompile Include="CreatePlaylistTask.cpp">
      <Filter>Source Files</Filter>
    </ClCompile>
    <ClCompile Include="LameNogapInstanceManager.cpp">
      <Filter>Source Files</Filter>
    </ClCompile>
    <ClCompile Include="OpusInputModule.cpp">
      <Filter>Source Files</Filter>
    </ClCompile>
    <ClCompile Include="OpusOutputModule.cpp">
      <Filter>Source Files</Filter>
    </ClCompile>
    <ClCompile Include="SndFileFormats.cpp">
      <Filter>Source Files</Filter>
    </ClCompile>
    <ClCompile Include="SndFileOutputModule.cpp">
      <Filter>Source Files</Filter>
    </ClCompile>
    <ClCompile Include="SpeexInputModule.cpp">
      <Filter>Source Files</Filter>
    </ClCompile>
  </ItemGroup>
</Project>