<?xml version="1.0" encoding="utf-8"?>
<Project ToolsVersion="4.0" xmlns="http://schemas.microsoft.com/developer/msbuild/2003">
  <ItemGroup>
    <ClCompile Include="AacInputModule.cpp">
      <Filter>Source Files</Filter>
    </ClCompile>
    <ClCompile Include="AacOutputModule.cpp">
      <Filter>Source Files</Filter>
    </ClCompile>
    <ClCompile Include="AudioFileTag.cpp">
      <Filter>Source Files</Filter>
    </ClCompile>
    <ClCompile Include="BassInputModule.cpp">
      <Filter>Source Files</Filter>
    </ClCompile>
    <ClCompile Include="BassWmaOutputModule.cpp">
      <Filter>Source Files</Filter>
    </ClCompile>
    <ClCompile Include="CDExtractTask.cpp">
      <Filter>Source Files</Filter>
    </ClCompile>
    <ClCompile Include="CreatePlaylistTask.cpp">
      <Filter>Source Files</Filter>
    </ClCompile>
    <ClCompile Include="EncoderImpl.cpp">
      <Filter>Source Files</Filter>
    </ClCompile>
    <ClCompile Include="aacinfo\aacinfo.c">
      <Filter>Source Files</Filter>
    </ClCompile>
    <ClCompile Include="EncoderTask.cpp">
      <Filter>Source Files</Filter>
    </ClCompile>
    <ClCompile Include="aacinfo\filestream.c">
      <Filter>Source Files</Filter>
    </ClCompile>
    <ClCompile Include="FlacInputModule.cpp">
      <Filter>Source Files</Filter>
    </ClCompile>
    <ClCompile Include="Id3v1Tag.cpp">
      <Filter>Source Files</Filter>
    </ClCompile>
    <ClCompile Include="LameNogapInstanceManager.cpp">
      <Filter>Source Files</Filter>
    </ClCompile>
    <ClCompile Include="LameOutputModule.cpp">
      <Filter>Source Files</Filter>
    </ClCompile>
    <ClCompile Include="LibMpg123InputModule.cpp">
      <Filter>Source Files</Filter>
    </ClCompile>
    <ClCompile Include="ModuleManagerImpl.cpp">
      <Filter>Source Files</Filter>
    </ClCompile>
    <ClCompile Include="MonkeysAudioInputModule.cpp">
      <Filter>Source Files</Filter>
    </ClCompile>
    <ClCompile Include="OggVorbisInputModule.cpp">
      <Filter>Source Files</Filter>
    </ClCompile>
    <ClCompile Include="OggVorbisOutputModule.cpp">
      <Filter>Source Files</Filter>
    </ClCompile>
    <ClCompile Include="OpusInputModule.cpp">
      <Filter>Source Files</Filter>
    </ClCompile>
    <ClCompile Include="OpusOutputModule.cpp">
      <Filter>Source Files</Filter>
    </ClCompile>
    <ClCompile Include="SampleContainer.cpp">
      <Filter>Source Files</Filter>
    </ClCompile>
    <ClCompile Include="SettingsManager.cpp">
      <Filter>Source Files</Filter>
    </ClCompile>
    <ClCompile Include="SndFileFormats.cpp">
      <Filter>Source Files</Filter>
    </ClCompile>
    <ClCompile Include="SndFileInputModule.cpp">
      <Filter>Source Files</Filter>
    </ClCompile>
    <ClCompile Include="SndFileOutputModule.cpp">
      <Filter>Source Files</Filter>
    </ClCompile>
    <ClCompile Include="SpeexInputModule.cpp">
      <Filter>Source Files</Filter>
    </ClCompile>
    <ClCompile Include="stdafx.cpp">
      <Filter>Source Files</Filter>
    </ClCompile>
    <ClCompile Include="TrackInfo.cpp">
      <Filter>Source Files</Filter>
    </ClCompile>
    <ClCompile Include="VariableManager.cpp">
      <Filter>Source Files</Filter>
    </ClCompile>
    <ClCompile Include="WaveMp3Header.cpp">
      <Filter>Source Files</Filter>
    </ClCompile>
    <ClCompile Include="ChannelRemapper.cpp">
      <Filter>Source Files</Filter>
    </ClCompile>
  </ItemGroup>
  <ItemGroup>
    <ClInclude Include="aacinfo\aacinfo.h">
      <Filter>Header Files</Filter>
    </ClInclude>
    <ClInclude Include="AacInputModule.hpp">
      <Filter>Header Files</Filter>
    </ClInclude>
    <ClInclude Include="AacOutputModule.hpp">
      <Filter>Header Files</Filter>
    </ClInclude>
    <ClInclude Include="AudioFileTag.hpp">
      <Filter>Header Files</Filter>
    </ClInclude>
    <ClInclude Include="BassInputModule.hpp">
      <Filter>Header Files</Filter>
    </ClInclude>
    <ClInclude Include="BassWmaOutputModule.hpp">
      <Filter>Header Files</Filter>
    </ClInclude>
    <ClInclude Include="CDExtractTask.hpp">
      <Filter>Header Files</Filter>
    </ClInclude>
    <ClInclude Include="CDReadJob.hpp">
      <Filter>Header Files</Filter>
    </ClInclude>
    <ClInclude Include="CreatePlaylistTask.hpp">
      <Filter>Header Files</Filter>
    </ClInclude>
    <ClInclude Include="EncoderImpl.hpp">
      <Filter>Header Files</Filter>
    </ClInclude>
    <ClInclude Include="EncoderInterface.hpp">
      <Filter>Header Files</Filter>
    </ClInclude>
    <ClInclude Include="EncoderSettings.hpp">
      <Filter>Header Files</Filter>
    </ClInclude>
    <ClInclude Include="EncoderState.hpp">
      <Filter>Header Files</Filter>
    </ClInclude>
    <ClInclude Include="EncoderTask.hpp">
      <Filter>Header Files</Filter>
    </ClInclude>
    <ClInclude Include="aacinfo\filestream.h">
      <Filter>Header Files</Filter>
    </ClInclude>
    <ClInclude Include="FlacInputModule.hpp">
      <Filter>Header Files</Filter>
    </ClInclude>
    <ClInclude Include="Id3v1Tag.hpp">
      <Filter>Header Files</Filter>
    </ClInclude>
    <ClInclude Include="InputModule.hpp">
      <Filter>Header Files</Filter>
    </ClInclude>
    <ClInclude Include="LameNogapInstanceManager.hpp">
      <Filter>Header Files</Filter>
    </ClInclude>
    <ClInclude Include="LameOutputModule.hpp">
      <Filter>Header Files</Filter>
    </ClInclude>
    <ClInclude Include="LibMpg123InputModule.hpp">
      <Filter>Header Files</Filter>
    </ClInclude>
    <ClInclude Include="ModuleBase.hpp">
      <Filter>Header Files</Filter>
    </ClInclude>
    <ClInclude Include="ModuleInterface.hpp">
      <Filter>Header Files</Filter>
    </ClInclude>
    <ClInclude Include="ModuleManagerImpl.hpp">
      <Filter>Header Files</Filter>
    </ClInclude>
    <ClInclude Include="MonkeysAudioInputModule.hpp">
      <Filter>Header Files</Filter>
    </ClInclude>
    <ClInclude Include="OggInputStream.hpp">
      <Filter>Header Files</Filter>
    </ClInclude>
    <ClInclude Include="OggVorbisInputModule.hpp">
      <Filter>Header Files</Filter>
    </ClInclude>
    <ClInclude Include="OggVorbisOutputModule.hpp">
      <Filter>Header Files</Filter>
    </ClInclude>
    <ClInclude Include="OpusInputModule.hpp">
      <Filter>Header Files</Filter>
    </ClInclude>
    <ClInclude Include="OpusOutputModule.hpp">
      <Filter>Header Files</Filter>
    </ClInclude>
    <ClInclude Include="OutputModule.hpp">
      <Filter>Header Files</Filter>
    </ClInclude>
    <ClInclude Include="SampleContainer.hpp">
      <Filter>Header Files</Filter>
    </ClInclude>
    <ClInclude Include="SettingsManager.hpp">
      <Filter>Header Files</Filter>
    </ClInclude>
    <ClInclude Include="SndFileFormats.hpp">
      <Filter>Header Files</Filter>
    </ClInclude>
    <ClInclude Include="SndFileInputModule.hpp">
      <Filter>Header Files</Filter>
    </ClInclude>
    <ClInclude Include="SndFileOutputModule.hpp">
      <Filter>Header Files</Filter>
    </ClInclude>
    <ClInclude Include="SpeexInputModule.hpp">
      <Filter>Header Files</Filter>
    </ClInclude>
    <ClInclude Include="stdafx.h">
      <Filter>Header Files</Filter>
    </ClInclude>
    <ClInclude Include="TrackInfo.hpp">
      <Filter>Header Files</Filter>
    </ClInclude>
    <ClInclude Include="VariableManager.hpp">
      <Filter>Header Files</Filter>
    </ClInclude>
    <ClInclude Include="WaveMp3Header.hpp">
      <Filter>Header Files</Filter>
    </ClInclude>
    <ClInclude Include="ChannelRemapper.hpp" />
  </ItemGroup>
  <ItemGroup>
    <Filter Include="Source Files">
      <UniqueIdentifier>{492823a4-9005-4733-b52c-e31586a76b5c}</UniqueIdentifier>
    </Filter>
    <Filter Include="Header Files">
      <UniqueIdentifier>{062b159d-651e-4412-aced-487d57f2c968}</UniqueIdentifier>
    </Filter>
  </ItemGroup>
  <ItemGroup>
    <None Include="packages.config" />
  </ItemGroup>
</Project>