
Microsoft Visual Studio Solution File, Format Version 12.00
# Visual Studio 14
VisualStudioVersion = 14.0.23107.0
MinimumVisualStudioVersion = 10.0.40219.1
Project("{8BC9CEB8-8B4A-11D0-8D11-00A0C91BC942}") = "winLAME", "source\winlame.vcxproj", "{3D23B065-AB74-4C3D-BCBC-7B7492786FEE}"
EndProject
Project("{8BC9CEB8-8B4A-11D0-8D11-00A0C91BC942}") = "libfreedb", "source\libraries\src\libfreedb\libfreedb.vcxproj", "{CCD82A71-2980-4971-A7A8-C0D26D251261}"
EndProject
Project("{8BC9CEB8-8B4A-11D0-8D11-00A0C91BC942}") = "nlame", "source\nlame.vcxproj", "{0B3F6B1A-D78E-47DB-A48C-D3DAA16E17CE}"
EndProject
Project("{8BC9CEB8-8B4A-11D0-8D11-00A0C91BC942}") = "libmad", "source\libraries\src\libmad\libmad.vcxproj", "{B89E54C7-562E-4444-A6B2-63FF8DB043D5}"
EndProject
Project("{8BC9CEB8-8B4A-11D0-8D11-00A0C91BC942}") = "winLAME.0407", "source\winlame_res0407.vcxproj", "{E2D89BAE-7448-4AF4-9AC9-9CC070E178BD}"
EndProject
Project("{8BC9CEB8-8B4A-11D0-8D11-00A0C91BC942}") = "libid3tag", "source\libraries\src\libid3tag\libid3tag.vcxproj", "{B210DD52-187A-44C2-A93F-20F7A05F1BBB}"
EndProject
Project("{8BC9CEB8-8B4A-11D0-8D11-00A0C91BC942}") = "docs", "docs\docs.vcxproj", "{E8FD6382-A5B2-4AC7-B2D9-88A621504872}"
EndProject
Project("{8BC9CEB8-8B4A-11D0-8D11-00A0C91BC942}") = "install", "source\install\install.vcxproj", "{D1388785-D0BD-4A67-BC45-573C0DEE639A}"
	ProjectSection(ProjectDependencies) = postProject
		{3D23B065-AB74-4C3D-BCBC-7B7492786FEE} = {3D23B065-AB74-4C3D-BCBC-7B7492786FEE}
		{E2D89BAE-7448-4AF4-9AC9-9CC070E178BD} = {E2D89BAE-7448-4AF4-9AC9-9CC070E178BD}
	EndProjectSection
EndProject
Project("{2150E333-8FDC-42A3-9474-1A3956D46DE8}") = "Application Projects", "Application Projects", "{0103940F-0AD7-4CB6-B1BA-B665C3A64E8D}"
EndProject
Project("{2150E333-8FDC-42A3-9474-1A3956D46DE8}") = "Library Projects", "Library Projects", "{DB8BC13C-064C-4B6A-9370-2DC8B8E0E36B}"
EndProject
Project("{2150E333-8FDC-42A3-9474-1A3956D46DE8}") = "Misc Projects", "Misc Projects", "{2D022822-3443-4459-B1E1-36C79CBB3424}"
EndProject
Global
	GlobalSection(SolutionConfigurationPlatforms) = preSolution
		Debug|Win32 = Debug|Win32
		Release|Win32 = Release|Win32
	EndGlobalSection
	GlobalSection(ProjectConfigurationPlatforms) = postSolution
		{3D23B065-AB74-4C3D-BCBC-7B7492786FEE}.Debug|Win32.ActiveCfg = Debug|Win32
		{3D23B065-AB74-4C3D-BCBC-7B7492786FEE}.Debug|Win32.Build.0 = Debug|Win32
		{3D23B065-AB74-4C3D-BCBC-7B7492786FEE}.Release|Win32.ActiveCfg = Release|Win32
		{3D23B065-AB74-4C3D-BCBC-7B7492786FEE}.Release|Win32.Build.0 = Release|Win32
		{CCD82A71-2980-4971-A7A8-C0D26D251261}.Debug|Win32.ActiveCfg = Debug|Win32
		{CCD82A71-2980-4971-A7A8-C0D26D251261}.Debug|Win32.Build.0 = Debug|Win32
		{CCD82A71-2980-4971-A7A8-C0D26D251261}.Release|Win32.ActiveCfg = Release|Win32
		{CCD82A71-2980-4971-A7A8-C0D26D251261}.Release|Win32.Build.0 = Release|Win32
		{0B3F6B1A-D78E-47DB-A48C-D3DAA16E17CE}.Debug|Win32.ActiveCfg = Debug|Win32
		{0B3F6B1A-D78E-47DB-A48C-D3DAA16E17CE}.Debug|Win32.Build.0 = Debug|Win32
		{0B3F6B1A-D78E-47DB-A48C-D3DAA16E17CE}.Release|Win32.ActiveCfg = Release|Win32
		{0B3F6B1A-D78E-47DB-A48C-D3DAA16E17CE}.Release|Win32.Build.0 = Release|Win32
		{B89E54C7-562E-4444-A6B2-63FF8DB043D5}.Debug|Win32.ActiveCfg = Debug|Win32
		{B89E54C7-562E-4444-A6B2-63FF8DB043D5}.Debug|Win32.Build.0 = Debug|Win32
		{B89E54C7-562E-4444-A6B2-63FF8DB043D5}.Release|Win32.ActiveCfg = Release|Win32
		{B89E54C7-562E-4444-A6B2-63FF8DB043D5}.Release|Win32.Build.0 = Release|Win32
		{E2D89BAE-7448-4AF4-9AC9-9CC070E178BD}.Debug|Win32.ActiveCfg = Debug|Win32
		{E2D89BAE-7448-4AF4-9AC9-9CC070E178BD}.Debug|Win32.Build.0 = Debug|Win32
		{E2D89BAE-7448-4AF4-9AC9-9CC070E178BD}.Release|Win32.ActiveCfg = Release|Win32
		{E2D89BAE-7448-4AF4-9AC9-9CC070E178BD}.Release|Win32.Build.0 = Release|Win32
		{B210DD52-187A-44C2-A93F-20F7A05F1BBB}.Debug|Win32.ActiveCfg = Debug|Win32
		{B210DD52-187A-44C2-A93F-20F7A05F1BBB}.Debug|Win32.Build.0 = Debug|Win32
		{B210DD52-187A-44C2-A93F-20F7A05F1BBB}.Release|Win32.ActiveCfg = Release|Win32
		{B210DD52-187A-44C2-A93F-20F7A05F1BBB}.Release|Win32.Build.0 = Release|Win32
		{E8FD6382-A5B2-4AC7-B2D9-88A621504872}.Debug|Win32.ActiveCfg = Default|Win32
		{E8FD6382-A5B2-4AC7-B2D9-88A621504872}.Debug|Win32.Build.0 = Default|Win32
		{E8FD6382-A5B2-4AC7-B2D9-88A621504872}.Release|Win32.ActiveCfg = Default|Win32
		{E8FD6382-A5B2-4AC7-B2D9-88A621504872}.Release|Win32.Build.0 = Default|Win32
		{D1388785-D0BD-4A67-BC45-573C0DEE639A}.Debug|Win32.ActiveCfg = Release|Win32
		{D1388785-D0BD-4A67-BC45-573C0DEE639A}.Release|Win32.ActiveCfg = Release|Win32
		{D1388785-D0BD-4A67-BC45-573C0DEE639A}.Release|Win32.Build.0 = Release|Win32
	EndGlobalSection
	GlobalSection(SolutionProperties) = preSolution
		HideSolutionNode = FALSE
	EndGlobalSection
	GlobalSection(NestedProjects) = preSolution
		{3D23B065-AB74-4C3D-BCBC-7B7492786FEE} = {0103940F-0AD7-4CB6-B1BA-B665C3A64E8D}
		{CCD82A71-2980-4971-A7A8-C0D26D251261} = {DB8BC13C-064C-4B6A-9370-2DC8B8E0E36B}
		{0B3F6B1A-D78E-47DB-A48C-D3DAA16E17CE} = {DB8BC13C-064C-4B6A-9370-2DC8B8E0E36B}
		{B89E54C7-562E-4444-A6B2-63FF8DB043D5} = {DB8BC13C-064C-4B6A-9370-2DC8B8E0E36B}
		{E2D89BAE-7448-4AF4-9AC9-9CC070E178BD} = {0103940F-0AD7-4CB6-B1BA-B665C3A64E8D}
		{B210DD52-187A-44C2-A93F-20F7A05F1BBB} = {DB8BC13C-064C-4B6A-9370-2DC8B8E0E36B}
		{E8FD6382-A5B2-4AC7-B2D9-88A621504872} = {2D022822-3443-4459-B1E1-36C79CBB3424}
		{D1388785-D0BD-4A67-BC45-573C0DEE639A} = {2D022822-3443-4459-B1E1-36C79CBB3424}
	EndGlobalSection
EndGlobal
