
Microsoft Visual Studio Solution File, Format Version 12.00
# Visual Studio 15
VisualStudioVersion = 15.0.27004.2002
MinimumVisualStudioVersion = 10.0.40219.1
Project("{8BC9CEB8-8B4A-11D0-8D11-00A0C91BC942}") = "winLAME", "source\winlame\winlame.vcxproj", "{3D23B065-AB74-4C3D-BCBC-7B7492786FEE}"
	ProjectSection(ProjectDependencies) = postProject
		{75AC1AC1-F11F-40BC-8EE9-008FC4D854BE} = {75AC1AC1-F11F-40BC-8EE9-008FC4D854BE}
	EndProjectSection
EndProject
Project("{8BC9CEB8-8B4A-11D0-8D11-00A0C91BC942}") = "nlame", "source\nlame\nlame.vcxproj", "{0B3F6B1A-D78E-47DB-A48C-D3DAA16E17CE}"
EndProject
Project("{8BC9CEB8-8B4A-11D0-8D11-00A0C91BC942}") = "winLAME.0407", "source\winlame\winlame_res0407.vcxproj", "{E2D89BAE-7448-4AF4-9AC9-9CC070E178BD}"
EndProject
Project("{8BC9CEB8-8B4A-11D0-8D11-00A0C91BC942}") = "doxygen", "source\doxygen\doxygen.vcxproj", "{E8FD6382-A5B2-4AC7-B2D9-88A621504872}"
EndProject
Project("{2150E333-8FDC-42A3-9474-1A3956D46DE8}") = "Application Projects", "Application Projects", "{0103940F-0AD7-4CB6-B1BA-B665C3A64E8D}"
EndProject
Project("{2150E333-8FDC-42A3-9474-1A3956D46DE8}") = "Library Projects", "Library Projects", "{DB8BC13C-064C-4B6A-9370-2DC8B8E0E36B}"
EndProject
Project("{2150E333-8FDC-42A3-9474-1A3956D46DE8}") = "Misc Projects", "Misc Projects", "{2D022822-3443-4459-B1E1-36C79CBB3424}"
EndProject
Project("{8BC9CEB8-8B4A-11D0-8D11-00A0C91BC942}") = "cppcheck", "source\cppcheck\cppcheck.vcxproj", "{682213C1-A3FD-4A61-936C-84A93327C39B}"
EndProject
Project("{930C7802-8A8C-48F9-8165-68863BCCD9DD}") = "setup", "source\setup\setup.wixproj", "{3C507C1A-EE7C-40D5-BD49-10C209D41846}"
	ProjectSection(ProjectDependencies) = postProject
		{3D23B065-AB74-4C3D-BCBC-7B7492786FEE} = {3D23B065-AB74-4C3D-BCBC-7B7492786FEE}
		{E2D89BAE-7448-4AF4-9AC9-9CC070E178BD} = {E2D89BAE-7448-4AF4-9AC9-9CC070E178BD}
		{75AC1AC1-F11F-40BC-8EE9-008FC4D854BE} = {75AC1AC1-F11F-40BC-8EE9-008FC4D854BE}
	EndProjectSection
EndProject
Project("{8BC9CEB8-8B4A-11D0-8D11-00A0C91BC942}") = "htmlhelp", "source\htmlhelp\htmlhelp.vcxproj", "{75AC1AC1-F11F-40BC-8EE9-008FC4D854BE}"
EndProject
Project("{8BC9CEB8-8B4A-11D0-8D11-00A0C91BC942}") = "encoder", "source\winlame\encoder\encoder.vcxproj", "{AE66A4EB-B54E-4572-9A4E-50C89A0C56C3}"
EndProject
Project("{8BC9CEB8-8B4A-11D0-8D11-00A0C91BC942}") = "unittest", "source\winlame\unittest\unittest.vcxproj", "{61ED36ED-A783-45EC-81D2-1225A8224ED2}"
EndProject
Global
	GlobalSection(SolutionConfigurationPlatforms) = preSolution
		Debug|Win32 = Debug|Win32
		Release|Win32 = Release|Win32
		SonarCloud|Win32 = SonarCloud|Win32
	EndGlobalSection
	GlobalSection(ProjectConfigurationPlatforms) = postSolution
		{3D23B065-AB74-4C3D-BCBC-7B7492786FEE}.Debug|Win32.ActiveCfg = Debug|Win32
		{3D23B065-AB74-4C3D-BCBC-7B7492786FEE}.Debug|Win32.Build.0 = Debug|Win32
		{3D23B065-AB74-4C3D-BCBC-7B7492786FEE}.Release|Win32.ActiveCfg = Release|Win32
		{3D23B065-AB74-4C3D-BCBC-7B7492786FEE}.Release|Win32.Build.0 = Release|Win32
		{3D23B065-AB74-4C3D-BCBC-7B7492786FEE}.SonarCloud|Win32.ActiveCfg = Release|Win32
		{3D23B065-AB74-4C3D-BCBC-7B7492786FEE}.SonarCloud|Win32.Build.0 = Release|Win32
		{0B3F6B1A-D78E-47DB-A48C-D3DAA16E17CE}.Debug|Win32.ActiveCfg = Debug|Win32
		{0B3F6B1A-D78E-47DB-A48C-D3DAA16E17CE}.Debug|Win32.Build.0 = Debug|Win32
		{0B3F6B1A-D78E-47DB-A48C-D3DAA16E17CE}.Release|Win32.ActiveCfg = Release|Win32
		{0B3F6B1A-D78E-47DB-A48C-D3DAA16E17CE}.Release|Win32.Build.0 = Release|Win32
		{0B3F6B1A-D78E-47DB-A48C-D3DAA16E17CE}.SonarCloud|Win32.ActiveCfg = Release|Win32
		{0B3F6B1A-D78E-47DB-A48C-D3DAA16E17CE}.SonarCloud|Win32.Build.0 = Release|Win32
		{E2D89BAE-7448-4AF4-9AC9-9CC070E178BD}.Debug|Win32.ActiveCfg = Debug|Win32
		{E2D89BAE-7448-4AF4-9AC9-9CC070E178BD}.Debug|Win32.Build.0 = Debug|Win32
		{E2D89BAE-7448-4AF4-9AC9-9CC070E178BD}.Release|Win32.ActiveCfg = Release|Win32
		{E2D89BAE-7448-4AF4-9AC9-9CC070E178BD}.Release|Win32.Build.0 = Release|Win32
		{E2D89BAE-7448-4AF4-9AC9-9CC070E178BD}.SonarCloud|Win32.ActiveCfg = Release|Win32
		{E2D89BAE-7448-4AF4-9AC9-9CC070E178BD}.SonarCloud|Win32.Build.0 = Release|Win32
		{E8FD6382-A5B2-4AC7-B2D9-88A621504872}.Debug|Win32.ActiveCfg = Default|Win32
		{E8FD6382-A5B2-4AC7-B2D9-88A621504872}.Debug|Win32.Build.0 = Default|Win32
		{E8FD6382-A5B2-4AC7-B2D9-88A621504872}.Release|Win32.ActiveCfg = Default|Win32
		{E8FD6382-A5B2-4AC7-B2D9-88A621504872}.Release|Win32.Build.0 = Default|Win32
		{E8FD6382-A5B2-4AC7-B2D9-88A621504872}.SonarCloud|Win32.ActiveCfg = Default|Win32
		{682213C1-A3FD-4A61-936C-84A93327C39B}.Debug|Win32.ActiveCfg = Debug|Win32
		{682213C1-A3FD-4A61-936C-84A93327C39B}.Debug|Win32.Build.0 = Debug|Win32
		{682213C1-A3FD-4A61-936C-84A93327C39B}.Release|Win32.ActiveCfg = Release|Win32
		{682213C1-A3FD-4A61-936C-84A93327C39B}.Release|Win32.Build.0 = Release|Win32
		{682213C1-A3FD-4A61-936C-84A93327C39B}.SonarCloud|Win32.ActiveCfg = Release|Win32
		{3C507C1A-EE7C-40D5-BD49-10C209D41846}.Debug|Win32.ActiveCfg = Debug|x86
		{3C507C1A-EE7C-40D5-BD49-10C209D41846}.Debug|Win32.Build.0 = Debug|x86
		{3C507C1A-EE7C-40D5-BD49-10C209D41846}.Release|Win32.ActiveCfg = Release|x86
		{3C507C1A-EE7C-40D5-BD49-10C209D41846}.Release|Win32.Build.0 = Release|x86
		{3C507C1A-EE7C-40D5-BD49-10C209D41846}.SonarCloud|Win32.ActiveCfg = Release|x86
		{75AC1AC1-F11F-40BC-8EE9-008FC4D854BE}.Debug|Win32.ActiveCfg = Debug|Win32
		{75AC1AC1-F11F-40BC-8EE9-008FC4D854BE}.Debug|Win32.Build.0 = Debug|Win32
		{75AC1AC1-F11F-40BC-8EE9-008FC4D854BE}.Release|Win32.ActiveCfg = Release|Win32
		{75AC1AC1-F11F-40BC-8EE9-008FC4D854BE}.Release|Win32.Build.0 = Release|Win32
		{75AC1AC1-F11F-40BC-8EE9-008FC4D854BE}.SonarCloud|Win32.ActiveCfg = Release|Win32
		{AE66A4EB-B54E-4572-9A4E-50C89A0C56C3}.Debug|Win32.ActiveCfg = Debug|Win32
		{AE66A4EB-B54E-4572-9A4E-50C89A0C56C3}.Debug|Win32.Build.0 = Debug|Win32
		{AE66A4EB-B54E-4572-9A4E-50C89A0C56C3}.Release|Win32.ActiveCfg = Release|Win32
		{AE66A4EB-B54E-4572-9A4E-50C89A0C56C3}.Release|Win32.Build.0 = Release|Win32
		{AE66A4EB-B54E-4572-9A4E-50C89A0C56C3}.SonarCloud|Win32.ActiveCfg = Release|Win32
		{AE66A4EB-B54E-4572-9A4E-50C89A0C56C3}.SonarCloud|Win32.Build.0 = Release|Win32
		{61ED36ED-A783-45EC-81D2-1225A8224ED2}.Debug|Win32.ActiveCfg = Debug|Win32
		{61ED36ED-A783-45EC-81D2-1225A8224ED2}.Debug|Win32.Build.0 = Debug|Win32
		{61ED36ED-A783-45EC-81D2-1225A8224ED2}.Release|Win32.ActiveCfg = Release|Win32
		{61ED36ED-A783-45EC-81D2-1225A8224ED2}.Release|Win32.Build.0 = Release|Win32
		{61ED36ED-A783-45EC-81D2-1225A8224ED2}.SonarCloud|Win32.ActiveCfg = Release|Win32
	EndGlobalSection
	GlobalSection(SolutionProperties) = preSolution
		HideSolutionNode = FALSE
	EndGlobalSection
	GlobalSection(NestedProjects) = preSolution
		{3D23B065-AB74-4C3D-BCBC-7B7492786FEE} = {0103940F-0AD7-4CB6-B1BA-B665C3A64E8D}
		{0B3F6B1A-D78E-47DB-A48C-D3DAA16E17CE} = {DB8BC13C-064C-4B6A-9370-2DC8B8E0E36B}
		{E2D89BAE-7448-4AF4-9AC9-9CC070E178BD} = {0103940F-0AD7-4CB6-B1BA-B665C3A64E8D}
		{E8FD6382-A5B2-4AC7-B2D9-88A621504872} = {2D022822-3443-4459-B1E1-36C79CBB3424}
		{682213C1-A3FD-4A61-936C-84A93327C39B} = {2D022822-3443-4459-B1E1-36C79CBB3424}
		{3C507C1A-EE7C-40D5-BD49-10C209D41846} = {2D022822-3443-4459-B1E1-36C79CBB3424}
		{75AC1AC1-F11F-40BC-8EE9-008FC4D854BE} = {2D022822-3443-4459-B1E1-36C79CBB3424}
		{AE66A4EB-B54E-4572-9A4E-50C89A0C56C3} = {DB8BC13C-064C-4B6A-9370-2DC8B8E0E36B}
		{61ED36ED-A783-45EC-81D2-1225A8224ED2} = {2D022822-3443-4459-B1E1-36C79CBB3424}
	EndGlobalSection
	GlobalSection(ExtensibilityGlobals) = postSolution
		SolutionGuid = {1DD184F5-C514-4799-9407-7F66952EA9B5}
	EndGlobalSection
EndGlobal
