<?xml version="1.0" encoding="utf-8"?>
<Project ToolsVersion="4.0" xmlns="http://schemas.microsoft.com/developer/msbuild/2003">
  <ItemGroup>
    <Filter Include="Source Files">
      <UniqueIdentifier>{4FC737F1-C7A5-4376-A066-2A32D752A2FF}</UniqueIdentifier>
      <Extensions>cpp;c;cc;cxx;def;odl;idl;hpj;bat;asm;asmx</Extensions>
    </Filter>
    <Filter Include="Header Files">
      <UniqueIdentifier>{93995380-89BD-4b04-88EB-625FBE52EBFB}</UniqueIdentifier>
      <Extensions>h;hh;hpp;hxx;hm;inl;inc;ipp;xsd</Extensions>
    </Filter>
    <Filter Include="Resource Files">
      <UniqueIdentifier>{67DA6AB6-F800-4c08-8B7A-83BB121AAD01}</UniqueIdentifier>
      <Extensions>rc;ico;cur;bmp;dlg;rc2;rct;bin;rgs;gif;jpg;jpeg;jpe;resx;tiff;tif;png;wav;mfcribbon-ms</Extensions>
    </Filter>
  </ItemGroup>
  <ItemGroup>
    <ClCompile Include="audioproperties.cpp">
      <Filter>Source Files</Filter>
    </ClCompile>
    <ClCompile Include="fileref.cpp">
      <Filter>Source Files</Filter>
    </ClCompile>
    <ClCompile Include="tag.cpp">
      <Filter>Source Files</Filter>
    </ClCompile>
    <ClCompile Include="tagunion.cpp">
      <Filter>Source Files</Filter>
    </ClCompile>
    <ClCompile Include="tagutils.cpp">
      <Filter>Source Files</Filter>
    </ClCompile>
    <ClCompile Include="xm\xmfile.cpp">
      <Filter>Source Files</Filter>
    </ClCompile>
    <ClCompile Include="xm\xmproperties.cpp">
      <Filter>Source Files</Filter>
    </ClCompile>
    <ClCompile Include="ape\apefile.cpp">
      <Filter>Source Files</Filter>
    </ClCompile>
    <ClCompile Include="ape\apefooter.cpp">
      <Filter>Source Files</Filter>
    </ClCompile>
    <ClCompile Include="ape\apeitem.cpp">
      <Filter>Source Files</Filter>
    </ClCompile>
    <ClCompile Include="ape\apeproperties.cpp">
      <Filter>Source Files</Filter>
    </ClCompile>
    <ClCompile Include="ape\apetag.cpp">
      <Filter>Source Files</Filter>
    </ClCompile>
    <ClCompile Include="asf\asfattribute.cpp">
      <Filter>Source Files</Filter>
    </ClCompile>
    <ClCompile Include="asf\asffile.cpp">
      <Filter>Source Files</Filter>
    </ClCompile>
    <ClCompile Include="asf\asfpicture.cpp">
      <Filter>Source Files</Filter>
    </ClCompile>
    <ClCompile Include="asf\asfproperties.cpp">
      <Filter>Source Files</Filter>
    </ClCompile>
    <ClCompile Include="asf\asftag.cpp">
      <Filter>Source Files</Filter>
    </ClCompile>
    <ClCompile Include="flac\flacfile.cpp">
      <Filter>Source Files</Filter>
    </ClCompile>
    <ClCompile Include="flac\flacmetadatablock.cpp">
      <Filter>Source Files</Filter>
    </ClCompile>
    <ClCompile Include="flac\flacpicture.cpp">
      <Filter>Source Files</Filter>
    </ClCompile>
    <ClCompile Include="flac\flacproperties.cpp">
      <Filter>Source Files</Filter>
    </ClCompile>
    <ClCompile Include="flac\flacunknownmetadatablock.cpp">
      <Filter>Source Files</Filter>
    </ClCompile>
    <ClCompile Include="it\itfile.cpp">
      <Filter>Source Files</Filter>
    </ClCompile>
    <ClCompile Include="it\itproperties.cpp">
      <Filter>Source Files</Filter>
    </ClCompile>
    <ClCompile Include="mod\modfile.cpp">
      <Filter>Source Files</Filter>
    </ClCompile>
    <ClCompile Include="mod\modfilebase.cpp">
      <Filter>Source Files</Filter>
    </ClCompile>
    <ClCompile Include="mod\modproperties.cpp">
      <Filter>Source Files</Filter>
    </ClCompile>
    <ClCompile Include="mod\modtag.cpp">
      <Filter>Source Files</Filter>
    </ClCompile>
    <ClCompile Include="mp4\mp4atom.cpp">
      <Filter>Source Files</Filter>
    </ClCompile>
    <ClCompile Include="mp4\mp4coverart.cpp">
      <Filter>Source Files</Filter>
    </ClCompile>
    <ClCompile Include="mp4\mp4file.cpp">
      <Filter>Source Files</Filter>
    </ClCompile>
    <ClCompile Include="mp4\mp4item.cpp">
      <Filter>Source Files</Filter>
    </ClCompile>
    <ClCompile Include="mp4\mp4properties.cpp">
      <Filter>Source Files</Filter>
    </ClCompile>
    <ClCompile Include="mp4\mp4tag.cpp">
      <Filter>Source Files</Filter>
    </ClCompile>
    <ClCompile Include="mpc\mpcfile.cpp">
      <Filter>Source Files</Filter>
    </ClCompile>
    <ClCompile Include="mpc\mpcproperties.cpp">
      <Filter>Source Files</Filter>
    </ClCompile>
    <ClCompile Include="mpeg\id3v1\id3v1genres.cpp">
      <Filter>Source Files</Filter>
    </ClCompile>
    <ClCompile Include="mpeg\id3v1\id3v1tag.cpp">
      <Filter>Source Files</Filter>
    </ClCompile>
    <ClCompile Include="mpeg\id3v2\frames\attachedpictureframe.cpp">
      <Filter>Source Files</Filter>
    </ClCompile>
    <ClCompile Include="mpeg\id3v2\frames\chapterframe.cpp">
      <Filter>Source Files</Filter>
    </ClCompile>
    <ClCompile Include="mpeg\id3v2\frames\commentsframe.cpp">
      <Filter>Source Files</Filter>
    </ClCompile>
    <ClCompile Include="mpeg\id3v2\frames\eventtimingcodesframe.cpp">
      <Filter>Source Files</Filter>
    </ClCompile>
    <ClCompile Include="mpeg\id3v2\frames\generalencapsulatedobjectframe.cpp">
      <Filter>Source Files</Filter>
    </ClCompile>
    <ClCompile Include="mpeg\id3v2\frames\ownershipframe.cpp">
      <Filter>Source Files</Filter>
    </ClCompile>
    <ClCompile Include="mpeg\id3v2\frames\podcastframe.cpp">
      <Filter>Source Files</Filter>
    </ClCompile>
    <ClCompile Include="mpeg\id3v2\frames\popularimeterframe.cpp">
      <Filter>Source Files</Filter>
    </ClCompile>
    <ClCompile Include="mpeg\id3v2\frames\privateframe.cpp">
      <Filter>Source Files</Filter>
    </ClCompile>
    <ClCompile Include="mpeg\id3v2\frames\relativevolumeframe.cpp">
      <Filter>Source Files</Filter>
    </ClCompile>
    <ClCompile Include="mpeg\id3v2\frames\synchronizedlyricsframe.cpp">
      <Filter>Source Files</Filter>
    </ClCompile>
    <ClCompile Include="mpeg\id3v2\frames\tableofcontentsframe.cpp">
      <Filter>Source Files</Filter>
    </ClCompile>
    <ClCompile Include="mpeg\id3v2\frames\textidentificationframe.cpp">
      <Filter>Source Files</Filter>
    </ClCompile>
    <ClCompile Include="mpeg\id3v2\frames\uniquefileidentifierframe.cpp">
      <Filter>Source Files</Filter>
    </ClCompile>
    <ClCompile Include="mpeg\id3v2\frames\unknownframe.cpp">
      <Filter>Source Files</Filter>
    </ClCompile>
    <ClCompile Include="mpeg\id3v2\frames\unsynchronizedlyricsframe.cpp">
      <Filter>Source Files</Filter>
    </ClCompile>
    <ClCompile Include="mpeg\id3v2\frames\urllinkframe.cpp">
      <Filter>Source Files</Filter>
    </ClCompile>
    <ClCompile Include="mpeg\id3v2\id3v2extendedheader.cpp">
      <Filter>Source Files</Filter>
    </ClCompile>
    <ClCompile Include="mpeg\id3v2\id3v2footer.cpp">
      <Filter>Source Files</Filter>
    </ClCompile>
    <ClCompile Include="mpeg\id3v2\id3v2frame.cpp">
      <Filter>Source Files</Filter>
    </ClCompile>
    <ClCompile Include="mpeg\id3v2\id3v2framefactory.cpp">
      <Filter>Source Files</Filter>
    </ClCompile>
    <ClCompile Include="mpeg\id3v2\id3v2header.cpp">
      <Filter>Source Files</Filter>
    </ClCompile>
    <ClCompile Include="mpeg\id3v2\id3v2synchdata.cpp">
      <Filter>Source Files</Filter>
    </ClCompile>
    <ClCompile Include="mpeg\id3v2\id3v2tag.cpp">
      <Filter>Source Files</Filter>
    </ClCompile>
    <ClCompile Include="mpeg\mpegfile.cpp">
      <Filter>Source Files</Filter>
    </ClCompile>
    <ClCompile Include="mpeg\mpegheader.cpp">
      <Filter>Source Files</Filter>
    </ClCompile>
    <ClCompile Include="mpeg\mpegproperties.cpp">
      <Filter>Source Files</Filter>
    </ClCompile>
    <ClCompile Include="mpeg\xingheader.cpp">
      <Filter>Source Files</Filter>
    </ClCompile>
    <ClCompile Include="ogg\flac\oggflacfile.cpp">
      <Filter>Source Files</Filter>
    </ClCompile>
    <ClCompile Include="ogg\opus\opusfile.cpp">
      <Filter>Source Files</Filter>
    </ClCompile>
    <ClCompile Include="ogg\opus\opusproperties.cpp">
      <Filter>Source Files</Filter>
    </ClCompile>
    <ClCompile Include="ogg\speex\speexfile.cpp">
      <Filter>Source Files</Filter>
    </ClCompile>
    <ClCompile Include="ogg\speex\speexproperties.cpp">
      <Filter>Source Files</Filter>
    </ClCompile>
    <ClCompile Include="ogg\vorbis\vorbisfile.cpp">
      <Filter>Source Files</Filter>
    </ClCompile>
    <ClCompile Include="ogg\vorbis\vorbisproperties.cpp">
      <Filter>Source Files</Filter>
    </ClCompile>
    <ClCompile Include="ogg\oggfile.cpp">
      <Filter>Source Files</Filter>
    </ClCompile>
    <ClCompile Include="ogg\oggpage.cpp">
      <Filter>Source Files</Filter>
    </ClCompile>
    <ClCompile Include="ogg\oggpageheader.cpp">
      <Filter>Source Files</Filter>
    </ClCompile>
    <ClCompile Include="ogg\xiphcomment.cpp">
      <Filter>Source Files</Filter>
    </ClCompile>
    <ClCompile Include="riff\aiff\aifffile.cpp">
      <Filter>Source Files</Filter>
    </ClCompile>
    <ClCompile Include="riff\aiff\aiffproperties.cpp">
      <Filter>Source Files</Filter>
    </ClCompile>
    <ClCompile Include="riff\wav\infotag.cpp">
      <Filter>Source Files</Filter>
    </ClCompile>
    <ClCompile Include="riff\wav\wavfile.cpp">
      <Filter>Source Files</Filter>
    </ClCompile>
    <ClCompile Include="riff\wav\wavproperties.cpp">
      <Filter>Source Files</Filter>
    </ClCompile>
    <ClCompile Include="riff\rifffile.cpp">
      <Filter>Source Files</Filter>
    </ClCompile>
    <ClCompile Include="s3m\s3mfile.cpp">
      <Filter>Source Files</Filter>
    </ClCompile>
    <ClCompile Include="s3m\s3mproperties.cpp">
      <Filter>Source Files</Filter>
    </ClCompile>
    <ClCompile Include="toolkit\tbytevector.cpp">
      <Filter>Source Files</Filter>
    </ClCompile>
    <ClCompile Include="toolkit\tbytevectorlist.cpp">
      <Filter>Source Files</Filter>
    </ClCompile>
    <ClCompile Include="toolkit\tbytevectorstream.cpp">
      <Filter>Source Files</Filter>
    </ClCompile>
    <ClCompile Include="toolkit\tdebug.cpp">
      <Filter>Source Files</Filter>
    </ClCompile>
    <ClCompile Include="toolkit\tdebuglistener.cpp">
      <Filter>Source Files</Filter>
    </ClCompile>
    <ClCompile Include="toolkit\tfile.cpp">
      <Filter>Source Files</Filter>
    </ClCompile>
    <ClCompile Include="toolkit\tfilestream.cpp">
      <Filter>Source Files</Filter>
    </ClCompile>
    <ClCompile Include="toolkit\tiostream.cpp">
      <Filter>Source Files</Filter>
    </ClCompile>
    <ClCompile Include="toolkit\tpropertymap.cpp">
      <Filter>Source Files</Filter>
    </ClCompile>
    <ClCompile Include="toolkit\trefcounter.cpp">
      <Filter>Source Files</Filter>
    </ClCompile>
    <ClCompile Include="toolkit\tstring.cpp">
      <Filter>Source Files</Filter>
    </ClCompile>
    <ClCompile Include="toolkit\tstringlist.cpp">
      <Filter>Source Files</Filter>
    </ClCompile>
    <ClCompile Include="toolkit\tzlib.cpp">
      <Filter>Source Files</Filter>
    </ClCompile>
    <ClCompile Include="trueaudio\trueaudiofile.cpp">
      <Filter>Source Files</Filter>
    </ClCompile>
    <ClCompile Include="trueaudio\trueaudioproperties.cpp">
      <Filter>Source Files</Filter>
    </ClCompile>
    <ClCompile Include="wavpack\wavpackfile.cpp">
      <Filter>Source Files</Filter>
    </ClCompile>
    <ClCompile Include="wavpack\wavpackproperties.cpp">
      <Filter>Source Files</Filter>
    </ClCompile>
  </ItemGroup>
  <ItemGroup>
    <ClInclude Include="audioproperties.h">
      <Filter>Header Files</Filter>
    </ClInclude>
    <ClInclude Include="fileref.h">
      <Filter>Header Files</Filter>
    </ClInclude>
    <ClInclude Include="tag.h">
      <Filter>Header Files</Filter>
    </ClInclude>
    <ClInclude Include="taglib_export.h">
      <Filter>Header Files</Filter>
    </ClInclude>
    <ClInclude Include="tagunion.h">
      <Filter>Header Files</Filter>
    </ClInclude>
    <ClInclude Include="tagutils.h">
      <Filter>Header Files</Filter>
    </ClInclude>
    <ClInclude Include="xm\xmfile.h">
      <Filter>Header Files</Filter>
    </ClInclude>
    <ClInclude Include="xm\xmproperties.h">
      <Filter>Header Files</Filter>
    </ClInclude>
    <ClInclude Include="ape\apefile.h">
      <Filter>Header Files</Filter>
    </ClInclude>
    <ClInclude Include="ape\apefooter.h">
      <Filter>Header Files</Filter>
    </ClInclude>
    <ClInclude Include="ape\apeitem.h">
      <Filter>Header Files</Filter>
    </ClInclude>
    <ClInclude Include="ape\apeproperties.h">
      <Filter>Header Files</Filter>
    </ClInclude>
    <ClInclude Include="ape\apetag.h">
      <Filter>Header Files</Filter>
    </ClInclude>
    <ClInclude Include="asf\asfattribute.h">
      <Filter>Header Files</Filter>
    </ClInclude>
    <ClInclude Include="asf\asffile.h">
      <Filter>Header Files</Filter>
    </ClInclude>
    <ClInclude Include="asf\asfpicture.h">
      <Filter>Header Files</Filter>
    </ClInclude>
    <ClInclude Include="asf\asfproperties.h">
      <Filter>Header Files</Filter>
    </ClInclude>
    <ClInclude Include="asf\asftag.h">
      <Filter>Header Files</Filter>
    </ClInclude>
    <ClInclude Include="asf\asfutils.h">
      <Filter>Header Files</Filter>
    </ClInclude>
    <ClInclude Include="flac\flacfile.h">
      <Filter>Header Files</Filter>
    </ClInclude>
    <ClInclude Include="flac\flacmetadatablock.h">
      <Filter>Header Files</Filter>
    </ClInclude>
    <ClInclude Include="flac\flacpicture.h">
      <Filter>Header Files</Filter>
    </ClInclude>
    <ClInclude Include="flac\flacproperties.h">
      <Filter>Header Files</Filter>
    </ClInclude>
    <ClInclude Include="flac\flacunknownmetadatablock.h">
      <Filter>Header Files</Filter>
    </ClInclude>
    <ClInclude Include="it\itfile.h">
      <Filter>Header Files</Filter>
    </ClInclude>
    <ClInclude Include="it\itproperties.h">
      <Filter>Header Files</Filter>
    </ClInclude>
    <ClInclude Include="mod\modfile.h">
      <Filter>Header Files</Filter>
    </ClInclude>
    <ClInclude Include="mod\modfilebase.h">
      <Filter>Header Files</Filter>
    </ClInclude>
    <ClInclude Include="mod\modfileprivate.h">
      <Filter>Header Files</Filter>
    </ClInclude>
    <ClInclude Include="mod\modproperties.h">
      <Filter>Header Files</Filter>
    </ClInclude>
    <ClInclude Include="mod\modtag.h">
      <Filter>Header Files</Filter>
    </ClInclude>
    <ClInclude Include="mp4\mp4atom.h">
      <Filter>Header Files</Filter>
    </ClInclude>
    <ClInclude Include="mp4\mp4coverart.h">
      <Filter>Header Files</Filter>
    </ClInclude>
    <ClInclude Include="mp4\mp4file.h">
      <Filter>Header Files</Filter>
    </ClInclude>
    <ClInclude Include="mp4\mp4item.h">
      <Filter>Header Files</Filter>
    </ClInclude>
    <ClInclude Include="mp4\mp4properties.h">
      <Filter>Header Files</Filter>
    </ClInclude>
    <ClInclude Include="mp4\mp4tag.h">
      <Filter>Header Files</Filter>
    </ClInclude>
    <ClInclude Include="mpc\mpcfile.h">
      <Filter>Header Files</Filter>
    </ClInclude>
    <ClInclude Include="mpc\mpcproperties.h">
      <Filter>Header Files</Filter>
    </ClInclude>
    <ClInclude Include="mpeg\id3v1\id3v1genres.h">
      <Filter>Header Files</Filter>
    </ClInclude>
    <ClInclude Include="mpeg\id3v1\id3v1tag.h">
      <Filter>Header Files</Filter>
    </ClInclude>
    <ClInclude Include="mpeg\id3v2\frames\attachedpictureframe.h">
      <Filter>Header Files</Filter>
    </ClInclude>
    <ClInclude Include="mpeg\id3v2\frames\chapterframe.h">
      <Filter>Header Files</Filter>
    </ClInclude>
    <ClInclude Include="mpeg\id3v2\frames\commentsframe.h">
      <Filter>Header Files</Filter>
    </ClInclude>
    <ClInclude Include="mpeg\id3v2\frames\eventtimingcodesframe.h">
      <Filter>Header Files</Filter>
    </ClInclude>
    <ClInclude Include="mpeg\id3v2\frames\generalencapsulatedobjectframe.h">
      <Filter>Header Files</Filter>
    </ClInclude>
    <ClInclude Include="mpeg\id3v2\frames\ownershipframe.h">
      <Filter>Header Files</Filter>
    </ClInclude>
    <ClInclude Include="mpeg\id3v2\frames\podcastframe.h">
      <Filter>Header Files</Filter>
    </ClInclude>
    <ClInclude Include="mpeg\id3v2\frames\popularimeterframe.h">
      <Filter>Header Files</Filter>
    </ClInclude>
    <ClInclude Include="mpeg\id3v2\frames\privateframe.h">
      <Filter>Header Files</Filter>
    </ClInclude>
    <ClInclude Include="mpeg\id3v2\frames\relativevolumeframe.h">
      <Filter>Header Files</Filter>
    </ClInclude>
    <ClInclude Include="mpeg\id3v2\frames\synchronizedlyricsframe.h">
      <Filter>Header Files</Filter>
    </ClInclude>
    <ClInclude Include="mpeg\id3v2\frames\tableofcontentsframe.h">
      <Filter>Header Files</Filter>
    </ClInclude>
    <ClInclude Include="mpeg\id3v2\frames\textidentificationframe.h">
      <Filter>Header Files</Filter>
    </ClInclude>
    <ClInclude Include="mpeg\id3v2\frames\uniquefileidentifierframe.h">
      <Filter>Header Files</Filter>
    </ClInclude>
    <ClInclude Include="mpeg\id3v2\frames\unknownframe.h">
      <Filter>Header Files</Filter>
    </ClInclude>
    <ClInclude Include="mpeg\id3v2\frames\unsynchronizedlyricsframe.h">
      <Filter>Header Files</Filter>
    </ClInclude>
    <ClInclude Include="mpeg\id3v2\frames\urllinkframe.h">
      <Filter>Header Files</Filter>
    </ClInclude>
    <ClInclude Include="mpeg\id3v2\id3v2extendedheader.h">
      <Filter>Header Files</Filter>
    </ClInclude>
    <ClInclude Include="mpeg\id3v2\id3v2footer.h">
      <Filter>Header Files</Filter>
    </ClInclude>
    <ClInclude Include="mpeg\id3v2\id3v2frame.h">
      <Filter>Header Files</Filter>
    </ClInclude>
    <ClInclude Include="mpeg\id3v2\id3v2framefactory.h">
      <Filter>Header Files</Filter>
    </ClInclude>
    <ClInclude Include="mpeg\id3v2\id3v2header.h">
      <Filter>Header Files</Filter>
    </ClInclude>
    <ClInclude Include="mpeg\id3v2\id3v2synchdata.h">
      <Filter>Header Files</Filter>
    </ClInclude>
    <ClInclude Include="mpeg\id3v2\id3v2tag.h">
      <Filter>Header Files</Filter>
    </ClInclude>
    <ClInclude Include="mpeg\mpegfile.h">
      <Filter>Header Files</Filter>
    </ClInclude>
    <ClInclude Include="mpeg\mpegheader.h">
      <Filter>Header Files</Filter>
    </ClInclude>
    <ClInclude Include="mpeg\mpegproperties.h">
      <Filter>Header Files</Filter>
    </ClInclude>
    <ClInclude Include="mpeg\mpegutils.h">
      <Filter>Header Files</Filter>
    </ClInclude>
    <ClInclude Include="mpeg\xingheader.h">
      <Filter>Header Files</Filter>
    </ClInclude>
    <ClInclude Include="ogg\flac\oggflacfile.h">
      <Filter>Header Files</Filter>
    </ClInclude>
    <ClInclude Include="ogg\opus\opusfile.h">
      <Filter>Header Files</Filter>
    </ClInclude>
    <ClInclude Include="ogg\opus\opusproperties.h">
      <Filter>Header Files</Filter>
    </ClInclude>
    <ClInclude Include="ogg\speex\speexfile.h">
      <Filter>Header Files</Filter>
    </ClInclude>
    <ClInclude Include="ogg\speex\speexproperties.h">
      <Filter>Header Files</Filter>
    </ClInclude>
    <ClInclude Include="ogg\vorbis\vorbisfile.h">
      <Filter>Header Files</Filter>
    </ClInclude>
    <ClInclude Include="ogg\vorbis\vorbisproperties.h">
      <Filter>Header Files</Filter>
    </ClInclude>
    <ClInclude Include="ogg\oggfile.h">
      <Filter>Header Files</Filter>
    </ClInclude>
    <ClInclude Include="ogg\oggpage.h">
      <Filter>Header Files</Filter>
    </ClInclude>
    <ClInclude Include="ogg\oggpageheader.h">
      <Filter>Header Files</Filter>
    </ClInclude>
    <ClInclude Include="ogg\xiphcomment.h">
      <Filter>Header Files</Filter>
    </ClInclude>
    <ClInclude Include="riff\aiff\aifffile.h">
      <Filter>Header Files</Filter>
    </ClInclude>
    <ClInclude Include="riff\aiff\aiffproperties.h">
      <Filter>Header Files</Filter>
    </ClInclude>
    <ClInclude Include="riff\wav\infotag.h">
      <Filter>Header Files</Filter>
    </ClInclude>
    <ClInclude Include="riff\wav\wavfile.h">
      <Filter>Header Files</Filter>
    </ClInclude>
    <ClInclude Include="riff\wav\wavproperties.h">
      <Filter>Header Files</Filter>
    </ClInclude>
    <ClInclude Include="riff\rifffile.h">
      <Filter>Header Files</Filter>
    </ClInclude>
    <ClInclude Include="riff\riffutils.h">
      <Filter>Header Files</Filter>
    </ClInclude>
    <ClInclude Include="s3m\s3mfile.h">
      <Filter>Header Files</Filter>
    </ClInclude>
    <ClInclude Include="s3m\s3mproperties.h">
      <Filter>Header Files</Filter>
    </ClInclude>
    <ClInclude Include="toolkit\taglib.h">
      <Filter>Header Files</Filter>
    </ClInclude>
    <ClInclude Include="toolkit\tbytevector.h">
      <Filter>Header Files</Filter>
    </ClInclude>
    <ClInclude Include="toolkit\tbytevectorlist.h">
      <Filter>Header Files</Filter>
    </ClInclude>
    <ClInclude Include="toolkit\tbytevectorstream.h">
      <Filter>Header Files</Filter>
    </ClInclude>
    <ClInclude Include="toolkit\tdebug.h">
      <Filter>Header Files</Filter>
    </ClInclude>
    <ClInclude Include="toolkit\tdebuglistener.h">
      <Filter>Header Files</Filter>
    </ClInclude>
    <ClInclude Include="toolkit\tfile.h">
      <Filter>Header Files</Filter>
    </ClInclude>
    <ClInclude Include="toolkit\tfilestream.h">
      <Filter>Header Files</Filter>
    </ClInclude>
    <ClInclude Include="toolkit\tiostream.h">
      <Filter>Header Files</Filter>
    </ClInclude>
    <ClInclude Include="toolkit\tlist.h">
      <Filter>Header Files</Filter>
    </ClInclude>
    <ClInclude Include="toolkit\tmap.h">
      <Filter>Header Files</Filter>
    </ClInclude>
    <ClInclude Include="toolkit\tpropertymap.h">
      <Filter>Header Files</Filter>
    </ClInclude>
    <ClInclude Include="toolkit\trefcounter.h">
      <Filter>Header Files</Filter>
    </ClInclude>
    <ClInclude Include="toolkit\tstring.h">
      <Filter>Header Files</Filter>
    </ClInclude>
    <ClInclude Include="toolkit\tstringlist.h">
      <Filter>Header Files</Filter>
    </ClInclude>
    <ClInclude Include="toolkit\tutils.h">
      <Filter>Header Files</Filter>
    </ClInclude>
    <ClInclude Include="toolkit\tzlib.h">
      <Filter>Header Files</Filter>
    </ClInclude>
    <ClInclude Include="toolkit\unicode.h">
      <Filter>Header Files</Filter>
    </ClInclude>
    <ClInclude Include="trueaudio\trueaudiofile.h">
      <Filter>Header Files</Filter>
    </ClInclude>
    <ClInclude Include="trueaudio\trueaudioproperties.h">
      <Filter>Header Files</Filter>
    </ClInclude>
    <ClInclude Include="wavpack\wavpackfile.h">
      <Filter>Header Files</Filter>
    </ClInclude>
    <ClInclude Include="wavpack\wavpackproperties.h">
      <Filter>Header Files</Filter>
    </ClInclude>
  </ItemGroup>
  <ItemGroup>
    <ResourceCompile Include="taglib.rc">
      <Filter>Resource Files</Filter>
    </ResourceCompile>
  </ItemGroup>
</Project>