<?xml version="1.0" encoding="utf-8"?>
<Project ToolsVersion="4.0" xmlns="http://schemas.microsoft.com/developer/msbuild/2003">
  <ItemGroup>
    <Filter Include="Source Files">
      <UniqueIdentifier>{53b2739e-1158-4a1a-9d54-d5e7cf8182ea}</UniqueIdentifier>
      <Extensions>cpp;c;cxx;rc;def;r;odl;idl;hpj;bat</Extensions>
    </Filter>
    <Filter Include="Header Files">
      <UniqueIdentifier>{521791c1-6f9e-40e7-8732-bec7f1737057}</UniqueIdentifier>
      <Extensions>h;hpp;hxx;hm;inl</Extensions>
    </Filter>
  </ItemGroup>
  <ItemGroup>
    <ClCompile Include="freedb.cpp">
      <Filter>Source Files</Filter>
    </ClCompile>
    <ClCompile Include="freedb_error.cpp">
      <Filter>Source Files</Filter>
    </ClCompile>
    <ClCompile Include="freedb_helpers.cpp">
      <Filter>Source Files</Filter>
    </ClCompile>
    <ClCompile Include="freedb_local.cpp">
      <Filter>Source Files</Filter>
    </ClCompile>
    <ClCompile Include="freedb_remote.cpp">
      <Filter>Source Files</Filter>
    </ClCompile>
  </ItemGroup>
  <ItemGroup>
    <ClInclude Include="config.h">
      <Filter>Header Files</Filter>
    </ClInclude>
  </ItemGroup>
</Project>