<?xml version="1.0" encoding="utf-8"?>
<Project ToolsVersion="4.0" xmlns="http://schemas.microsoft.com/developer/msbuild/2003">
  <ItemGroup>
    <Filter Include="encoder files">
      <UniqueIdentifier>{79b9d66c-80dc-46bd-967a-0b15f7f93710}</UniqueIdentifier>
    </Filter>
    <Filter Include="encoder files\encoder source files">
      <UniqueIdentifier>{c3a339cf-6711-4d36-9690-8734c78be610}</UniqueIdentifier>
    </Filter>
    <Filter Include="encoder files\encoder header files">
      <UniqueIdentifier>{a72caebc-f93a-4698-8523-bec6ccb01045}</UniqueIdentifier>
    </Filter>
    <Filter Include="encoder files\mad dither files">
      <UniqueIdentifier>{9cd6b69b-c81a-45f1-a771-0edebeaba09c}</UniqueIdentifier>
    </Filter>
    <Filter Include="encoder files\id3 files">
      <UniqueIdentifier>{58c28a69-abc0-457d-af7b-12fc63ab60f1}</UniqueIdentifier>
    </Filter>
    <Filter Include="encoder files\aacinfo files">
      <UniqueIdentifier>{7e4a760b-7c22-4448-8783-de2b85ca67da}</UniqueIdentifier>
    </Filter>
    <Filter Include="old_ui Files">
      <UniqueIdentifier>{9cf7725f-cee1-4a9d-a721-4d1255dc7a8b}</UniqueIdentifier>
    </Filter>
    <Filter Include="old_ui Files\Header Files">
      <UniqueIdentifier>{532dbb09-4082-4229-aa52-684cfb627e67}</UniqueIdentifier>
    </Filter>
    <Filter Include="old_ui Files\Source Files">
      <UniqueIdentifier>{d3ce9737-a003-467c-b686-160f28e9efef}</UniqueIdentifier>
    </Filter>
    <Filter Include="old_ui Files\Resource Files">
      <UniqueIdentifier>{b42f5ecb-3b06-435a-ab5d-98c3264535b0}</UniqueIdentifier>
      <Extensions>ico;cur;bmp;dlg;rc2;rct;bin;rgs;gif;jpg;jpeg;jpe</Extensions>
    </Filter>
    <Filter Include="Preset Files">
      <UniqueIdentifier>{31fd3636-f0fb-4209-8161-90b9c621707f}</UniqueIdentifier>
    </Filter>
    <Filter Include="Preset Files\Header Files">
      <UniqueIdentifier>{8f38b30e-c72f-45e5-873f-62ec3e1fe8d2}</UniqueIdentifier>
    </Filter>
    <Filter Include="Preset Files\Header Files\cppxml header files">
      <UniqueIdentifier>{381ba37a-8430-4d52-950d-0a82e0c3aa2d}</UniqueIdentifier>
    </Filter>
    <Filter Include="Preset Files\Source Files">
      <UniqueIdentifier>{8e5db12d-be4d-4eb3-b3cb-2263f5d5b676}</UniqueIdentifier>
    </Filter>
    <Filter Include="Preset Files\Source Files\cppxml source files">
      <UniqueIdentifier>{dc1229cc-165b-45b2-8723-532e943a80ed}</UniqueIdentifier>
    </Filter>
    <Filter Include="UI Files">
      <UniqueIdentifier>{91fdb3c2-3213-46ef-8319-8860047d989f}</UniqueIdentifier>
    </Filter>
    <Filter Include="UI Files\Header Files">
      <UniqueIdentifier>{4e44bfeb-c69d-496a-aae7-77a6b1161aba}</UniqueIdentifier>
    </Filter>
    <Filter Include="UI Files\Source Files">
      <UniqueIdentifier>{0d8c9410-0e0c-4222-8416-7240dde85894}</UniqueIdentifier>
    </Filter>
    <Filter Include="UI Files\Resource Files">
      <UniqueIdentifier>{740fc0d6-e2df-406c-a370-db608506fe80}</UniqueIdentifier>
      <Extensions>rc;ico;cur;bmp;dlg;rc2;rct;bin;rgs;jpg;jpeg;jpe;manifest</Extensions>
    </Filter>
    <Filter Include="Main Program Files">
      <UniqueIdentifier>{8a50c7d7-045b-44c0-8bf1-5e43fbc34fdf}</UniqueIdentifier>
    </Filter>
    <Filter Include="Main Program Files\Source Files">
      <UniqueIdentifier>{06f009a9-abce-4288-a701-183878ad4619}</UniqueIdentifier>
      <Extensions>cpp;c;cxx;rc;def;r;odl;idl;hpj;bat</Extensions>
    </Filter>
    <Filter Include="Main Program Files\Header Files">
      <UniqueIdentifier>{aa1984d8-2d06-448b-9d82-b720bbc9e634}</UniqueIdentifier>
      <Extensions>h;hpp;hxx;hm;inl</Extensions>
    </Filter>
  </ItemGroup>
  <ItemGroup>
    <ClCompile Include="winlame\encoder\AacInputModule.cpp">
      <Filter>encoder files\encoder source files</Filter>
    </ClCompile>
    <ClCompile Include="winlame\encoder\AacOutputModule.cpp">
      <Filter>encoder files\encoder source files</Filter>
    </ClCompile>
    <ClCompile Include="winlame\encoder\BassInputModule.cpp">
      <Filter>encoder files\encoder source files</Filter>
    </ClCompile>
    <ClCompile Include="winlame\encoder\BassWmaOutputModule.cpp">
      <Filter>encoder files\encoder source files</Filter>
    </ClCompile>
    <ClCompile Include="winlame\encoder\CdReadoutModule.cpp">
      <Filter>encoder files\encoder source files</Filter>
    </ClCompile>
    <ClCompile Include="winlame\encoder\EncoderImpl.cpp">
      <Filter>encoder files\encoder source files</Filter>
    </ClCompile>
    <ClCompile Include="winlame\encoder\EncoderTask.cpp">
      <Filter>encoder files\encoder source files</Filter>
    </ClCompile>
    <ClCompile Include="winlame\encoder\FlacInputModule.cpp">
      <Filter>encoder files\encoder source files</Filter>
    </ClCompile>
    <ClCompile Include="winlame\encoder\Id3v1Tag.cpp">
      <Filter>encoder files\encoder source files</Filter>
    </ClCompile>
    <ClCompile Include="winlame\encoder\LameOutputModule.cpp">
      <Filter>encoder files\encoder source files</Filter>
    </ClCompile>
    <ClCompile Include="winlame\encoder\MadMpegInputModule.cpp">
      <Filter>encoder files\encoder source files</Filter>
    </ClCompile>
    <ClCompile Include="winlame\encoder\ModuleManagerImpl.cpp">
      <Filter>encoder files\encoder source files</Filter>
    </ClCompile>
    <ClCompile Include="winlame\encoder\MonkeysAudioInputModule.cpp">
      <Filter>encoder files\encoder source files</Filter>
    </ClCompile>
    <ClCompile Include="winlame\encoder\OggVorbisInputModule.cpp">
      <Filter>encoder files\encoder source files</Filter>
    </ClCompile>
    <ClCompile Include="winlame\encoder\OggVorbisOutputModule.cpp">
      <Filter>encoder files\encoder source files</Filter>
    </ClCompile>
    <ClCompile Include="winlame\encoder\SampleContainer.cpp">
      <Filter>encoder files\encoder source files</Filter>
    </ClCompile>
    <ClCompile Include="winlame\encoder\SndFileInputModule.cpp">
      <Filter>encoder files\encoder source files</Filter>
    </ClCompile>
    <ClCompile Include="winlame\encoder\TrackInfo.cpp">
      <Filter>encoder files\encoder source files</Filter>
    </ClCompile>
    <ClCompile Include="winlame\encoder\WaveMp3Header.cpp">
      <Filter>encoder files\encoder source files</Filter>
    </ClCompile>
    <ClCompile Include="winlame\encoder\WaveOutputModule.cpp">
      <Filter>encoder files\encoder source files</Filter>
    </ClCompile>
    <ClCompile Include="winlame\encoder\dither\dither.c">
      <Filter>encoder files\mad dither files</Filter>
    </ClCompile>
    <ClCompile Include="winlame\encoder\id3\Field.cpp">
      <Filter>encoder files\id3 files</Filter>
    </ClCompile>
    <ClCompile Include="winlame\encoder\id3\File.cpp">
      <Filter>encoder files\id3 files</Filter>
    </ClCompile>
    <ClCompile Include="winlame\encoder\id3\Frame.cpp">
      <Filter>encoder files\id3 files</Filter>
    </ClCompile>
    <ClCompile Include="winlame\encoder\id3\Tag.cpp">
      <Filter>encoder files\id3 files</Filter>
    </ClCompile>
    <ClCompile Include="winlame\encoder\aacinfo\aacinfo.c">
      <Filter>encoder files\aacinfo files</Filter>
    </ClCompile>
    <ClCompile Include="winlame\encoder\aacinfo\filestream.c">
      <Filter>encoder files\aacinfo files</Filter>
    </ClCompile>
    <ClCompile Include="winlame\old_ui\CDRipDlg.cpp">
      <Filter>old_ui Files\Source Files</Filter>
    </ClCompile>
    <ClCompile Include="winlame\old_ui\CDRipPage.cpp">
      <Filter>old_ui Files\Source Files</Filter>
    </ClCompile>
    <ClCompile Include="winlame\old_ui\CommonStuff.cpp">
      <Filter>old_ui Files\Source Files</Filter>
    </ClCompile>
    <ClCompile Include="winlame\old_ui\EncodePage.cpp">
      <Filter>old_ui Files\Source Files</Filter>
    </ClCompile>
    <ClCompile Include="winlame\old_ui\InputPage.cpp">
      <Filter>old_ui Files\Source Files</Filter>
    </ClCompile>
    <ClCompile Include="winlame\old_ui\LameSimpleSettingsPage.cpp">
      <Filter>old_ui Files\Source Files</Filter>
    </ClCompile>
    <ClCompile Include="winlame\old_ui\MainDlg.cpp">
      <Filter>old_ui Files\Source Files</Filter>
    </ClCompile>
    <ClCompile Include="winlame\old_ui\OptionsDlg.cpp">
      <Filter>old_ui Files\Source Files</Filter>
    </ClCompile>
    <ClCompile Include="winlame\old_ui\OutputPage.cpp">
      <Filter>old_ui Files\Source Files</Filter>
    </ClCompile>
    <ClCompile Include="winlame\old_ui\PresetsPage.cpp">
      <Filter>old_ui Files\Source Files</Filter>
    </ClCompile>
    <ClCompile Include="winlame\old_ui\WaveOutputSettingsPage.cpp">
      <Filter>old_ui Files\Source Files</Filter>
    </ClCompile>
    <ClCompile Include="winlame\old_ui\WmaOutputSettingsPage.cpp">
      <Filter>old_ui Files\Source Files</Filter>
    </ClCompile>
    <ClCompile Include="winlame\preset\PresetManagerImpl.cpp">
      <Filter>Preset Files\Source Files</Filter>
    </ClCompile>
    <ClCompile Include="winlame\preset\PropertyListBox.cpp">
      <Filter>Preset Files\Source Files</Filter>
    </ClCompile>
    <ClCompile Include="winlame\preset\cppxml\cppxml.cpp">
      <Filter>Preset Files\Source Files\cppxml source files</Filter>
    </ClCompile>
    <ClCompile Include="winlame\preset\cppxml\lexer.cpp">
      <Filter>Preset Files\Source Files\cppxml source files</Filter>
    </ClCompile>
    <ClCompile Include="winlame\preset\cppxml\parser.cpp">
      <Filter>Preset Files\Source Files\cppxml source files</Filter>
    </ClCompile>
    <ClCompile Include="winlame\App.cpp">
      <Filter>Main Program Files\Source Files</Filter>
    </ClCompile>
    <ClCompile Include="winlame\CDRipTrackManager.cpp">
      <Filter>Main Program Files\Source Files</Filter>
    </ClCompile>
    <ClCompile Include="winlame\LangCountryMapper.cpp">
      <Filter>Main Program Files\Source Files</Filter>
    </ClCompile>
    <ClCompile Include="winlame\LanguageResourceManager.cpp">
      <Filter>Main Program Files\Source Files</Filter>
    </ClCompile>
    <ClCompile Include="winlame\SettingsManager.cpp">
      <Filter>Main Program Files\Source Files</Filter>
    </ClCompile>
    <ClCompile Include="winlame\stdafx.cpp">
      <Filter>Main Program Files\Source Files</Filter>
    </ClCompile>
    <ClCompile Include="winlame\TaskManager.cpp">
      <Filter>Main Program Files\Source Files</Filter>
    </ClCompile>
    <ClCompile Include="winlame\UISettings.cpp">
      <Filter>Main Program Files\Source Files</Filter>
    </ClCompile>
    <ClCompile Include="winlame\VariableManager.cpp">
      <Filter>Main Program Files\Source Files</Filter>
    </ClCompile>
    <ClCompile Include="winlame\winlame.cpp">
      <Filter>Main Program Files\Source Files</Filter>
    </ClCompile>
    <ClCompile Include="winlame\ui\CDReadSettingsPage.cpp">
      <Filter>UI Files\Source Files</Filter>
    </ClCompile>
    <ClCompile Include="winlame\ui\DropFilesManager.cpp">
      <Filter>UI Files\Source Files</Filter>
    </ClCompile>
    <ClCompile Include="winlame\ui\GeneralSettingsPage.cpp">
      <Filter>UI Files\Source Files</Filter>
    </ClCompile>
    <ClCompile Include="winlame\ui\InputFilesPage.cpp">
      <Filter>UI Files\Source Files</Filter>
    </ClCompile>
    <ClCompile Include="winlame\ui\MainFrame.cpp">
      <Filter>UI Files\Source Files</Filter>
    </ClCompile>
    <ClCompile Include="winlame\ui\TasksView.cpp">
      <Filter>UI Files\Source Files</Filter>
    </ClCompile>
    <ClCompile Include="winlame\ui\WizardPageHost.cpp">
      <Filter>UI Files\Source Files</Filter>
    </ClCompile>
    <ClCompile Include="winlame\ui\InputCDPage.cpp">
      <Filter>UI Files\Source Files</Filter>
    </ClCompile>
    <ClCompile Include="winlame\ui\PresetSelectionPage.cpp">
      <Filter>UI Files\Source Files</Filter>
    </ClCompile>
    <ClCompile Include="winlame\ui\OutputSettingsPage.cpp">
      <Filter>UI Files\Source Files</Filter>
    </ClCompile>
    <ClCompile Include="winlame\ui\AACSettingsPage.cpp">
      <Filter>UI Files\Source Files</Filter>
    </ClCompile>
    <ClCompile Include="winlame\ui\LAMESettingsPage.cpp">
      <Filter>UI Files\Source Files</Filter>
    </ClCompile>
    <ClCompile Include="winlame\ui\WMASettingsPage.cpp">
      <Filter>UI Files\Source Files</Filter>
    </ClCompile>
    <ClCompile Include="winlame\ui\OggVorbisSettingsPage.cpp">
      <Filter>UI Files\Source Files</Filter>
    </ClCompile>
    <ClCompile Include="winlame\ui\LibsndfileSettingsPage.cpp">
      <Filter>UI Files\Source Files</Filter>
    </ClCompile>
    <ClCompile Include="winlame\old_ui\OggVorbisSettingsPage_old.cpp">
      <Filter>old_ui Files\Source Files</Filter>
    </ClCompile>
    <ClCompile Include="winlame\old_ui\AacSettingsPage_old.cpp">
      <Filter>old_ui Files\Source Files</Filter>
    </ClCompile>
    <ClCompile Include="winlame\ui\AboutDlg.cpp">
      <Filter>UI Files\Source Files</Filter>
    </ClCompile>
    <ClCompile Include="winlame\ui\ImageListComboBox.cpp">
      <Filter>UI Files\Source Files</Filter>
    </ClCompile>
    <ClCompile Include="winlame\ui\InputListCtrl.cpp">
      <Filter>UI Files\Source Files</Filter>
    </ClCompile>
    <ClCompile Include="winlame\InputFilesParser.cpp">
      <Filter>Main Program Files\Source Files</Filter>
    </ClCompile>
    <ClCompile Include="winlame\FreedbResolver.cpp">
      <Filter>Main Program Files\Source Files</Filter>
    </ClCompile>
    <ClCompile Include="winlame\ui\FinishPage.cpp">
      <Filter>UI Files\Source Files</Filter>
    </ClCompile>
    <ClCompile Include="winlame\Path.cpp">
      <Filter>Main Program Files\Source Files</Filter>
    </ClCompile>
    <ClCompile Include="winlame\ui\FixedValueSpinButtonCtrl.cpp">
      <Filter>UI Files\Source Files</Filter>
    </ClCompile>
    <ClCompile Include="winlame\ui\BevelLine.cpp">
      <Filter>UI Files\Source Files</Filter>
    </ClCompile>
    <ClCompile Include="winlame\encoder\CreatePlaylistTask.cpp">
      <Filter>encoder files\encoder source files</Filter>
    </ClCompile>
    <ClCompile Include="winlame\encoder\CDExtractTask.cpp">
      <Filter>encoder files\encoder source files</Filter>
    </ClCompile>
    <ClCompile Include="winlame\ui\FreeDbDiscListDlg.cpp">
      <Filter>UI Files\Source Files</Filter>
    </ClCompile>
    <ClCompile Include="winlame\encoder\SpeexInputModule.cpp">
      <Filter>encoder files\encoder source files</Filter>
    </ClCompile>
    <ClCompile Include="winlame\encoder\OpusInputModule.cpp">
      <Filter>encoder files\encoder source files</Filter>
    </ClCompile>
  </ItemGroup>
  <ItemGroup>
    <ClInclude Include="winlame\encoder\AacInputModule.h">
      <Filter>encoder files\encoder header files</Filter>
    </ClInclude>
    <ClInclude Include="winlame\encoder\AacOutputModule.h">
      <Filter>encoder files\encoder header files</Filter>
    </ClInclude>
    <ClInclude Include="winlame\encoder\BassInputModule.h">
      <Filter>encoder files\encoder header files</Filter>
    </ClInclude>
    <ClInclude Include="winlame\encoder\BassWmaOutputModule.h">
      <Filter>encoder files\encoder header files</Filter>
    </ClInclude>
    <ClInclude Include="winlame\encoder\CdReadoutModule.h">
      <Filter>encoder files\encoder header files</Filter>
    </ClInclude>
    <ClInclude Include="winlame\encoder\EncoderImpl.h">
      <Filter>encoder files\encoder header files</Filter>
    </ClInclude>
    <ClInclude Include="winlame\encoder\EncoderTask.h">
      <Filter>encoder files\encoder header files</Filter>
    </ClInclude>
    <ClInclude Include="winlame\encoder\FlacInputModule.h">
      <Filter>encoder files\encoder header files</Filter>
    </ClInclude>
    <ClInclude Include="winlame\encoder\Id3v1Tag.h">
      <Filter>encoder files\encoder header files</Filter>
    </ClInclude>
    <ClInclude Include="winlame\encoder\LameOutputModule.h">
      <Filter>encoder files\encoder header files</Filter>
    </ClInclude>
    <ClInclude Include="winlame\encoder\MadMpegInputModule.h">
      <Filter>encoder files\encoder header files</Filter>
    </ClInclude>
    <ClInclude Include="winlame\encoder\ModuleInterface.h">
      <Filter>encoder files\encoder header files</Filter>
    </ClInclude>
    <ClInclude Include="winlame\encoder\ModuleManagerImpl.h">
      <Filter>encoder files\encoder header files</Filter>
    </ClInclude>
    <ClInclude Include="winlame\encoder\MonkeysAudioInputModule.h">
      <Filter>encoder files\encoder header files</Filter>
    </ClInclude>
    <ClInclude Include="winlame\encoder\OggVorbisInputModule.h">
      <Filter>encoder files\encoder header files</Filter>
    </ClInclude>
    <ClInclude Include="winlame\encoder\OggVorbisOutputModule.h">
      <Filter>encoder files\encoder header files</Filter>
    </ClInclude>
    <ClInclude Include="winlame\encoder\SampleContainer.h">
      <Filter>encoder files\encoder header files</Filter>
    </ClInclude>
    <ClInclude Include="winlame\encoder\SndFileInputModule.h">
      <Filter>encoder files\encoder header files</Filter>
    </ClInclude>
    <ClInclude Include="winlame\encoder\TrackInfo.h">
      <Filter>encoder files\encoder header files</Filter>
    </ClInclude>
    <ClInclude Include="winlame\encoder\WaveMp3Header.h">
      <Filter>encoder files\encoder header files</Filter>
    </ClInclude>
    <ClInclude Include="winlame\encoder\WaveOutputModule.h">
      <Filter>encoder files\encoder header files</Filter>
    </ClInclude>
    <ClInclude Include="winlame\encoder\dither\dither.h">
      <Filter>encoder files\mad dither files</Filter>
    </ClInclude>
    <ClInclude Include="winlame\encoder\id3\Field.h">
      <Filter>encoder files\id3 files</Filter>
    </ClInclude>
    <ClInclude Include="winlame\encoder\id3\File.h">
      <Filter>encoder files\id3 files</Filter>
    </ClInclude>
    <ClInclude Include="winlame\encoder\id3\Frame.h">
      <Filter>encoder files\id3 files</Filter>
    </ClInclude>
    <ClInclude Include="winlame\encoder\id3\Tag.h">
      <Filter>encoder files\id3 files</Filter>
    </ClInclude>
    <ClInclude Include="winlame\encoder\aacinfo\aacinfo.h">
      <Filter>encoder files\aacinfo files</Filter>
    </ClInclude>
    <ClInclude Include="winlame\encoder\aacinfo\filestream.h">
      <Filter>encoder files\aacinfo files</Filter>
    </ClInclude>
    <ClInclude Include="winlame\old_ui\AacSettingsPage.h">
      <Filter>old_ui Files\Header Files</Filter>
    </ClInclude>
    <ClInclude Include="winlame\old_ui\CDRipDlg.h">
      <Filter>old_ui Files\Header Files</Filter>
    </ClInclude>
    <ClInclude Include="winlame\old_ui\CDRipPage.h">
      <Filter>old_ui Files\Header Files</Filter>
    </ClInclude>
    <ClInclude Include="winlame\old_ui\CommonStuff.h">
      <Filter>old_ui Files\Header Files</Filter>
    </ClInclude>
    <ClInclude Include="winlame\old_ui\EncodePage.h">
      <Filter>old_ui Files\Header Files</Filter>
    </ClInclude>
    <ClInclude Include="winlame\old_ui\ErrorDlg.h">
      <Filter>old_ui Files\Header Files</Filter>
    </ClInclude>
    <ClInclude Include="winlame\old_ui\InputPage.h">
      <Filter>old_ui Files\Header Files</Filter>
    </ClInclude>
    <ClInclude Include="winlame\old_ui\LameSimpleSettingsPage.h">
      <Filter>old_ui Files\Header Files</Filter>
    </ClInclude>
    <ClInclude Include="winlame\old_ui\MainDlg.h">
      <Filter>old_ui Files\Header Files</Filter>
    </ClInclude>
    <ClInclude Include="winlame\old_ui\OggVorbisSettingsPage.h">
      <Filter>old_ui Files\Header Files</Filter>
    </ClInclude>
    <ClInclude Include="winlame\old_ui\OptionsDlg.h">
      <Filter>old_ui Files\Header Files</Filter>
    </ClInclude>
    <ClInclude Include="winlame\old_ui\OutputPage.h">
      <Filter>old_ui Files\Header Files</Filter>
    </ClInclude>
    <ClInclude Include="winlame\old_ui\PageBase.h">
      <Filter>old_ui Files\Header Files</Filter>
    </ClInclude>
    <ClInclude Include="winlame\old_ui\PresetsPage.h">
      <Filter>old_ui Files\Header Files</Filter>
    </ClInclude>
    <ClInclude Include="winlame\old_ui\SystemTrayIcon.h">
      <Filter>old_ui Files\Header Files</Filter>
    </ClInclude>
    <ClInclude Include="winlame\TrackEditListCtrl.h">
      <Filter>old_ui Files\Header Files</Filter>
    </ClInclude>
    <ClInclude Include="winlame\old_ui\WaveOutputSettingsPage.h">
      <Filter>old_ui Files\Header Files</Filter>
    </ClInclude>
    <ClInclude Include="winlame\old_ui\WmaOutputSettingsPage.h">
      <Filter>old_ui Files\Header Files</Filter>
    </ClInclude>
    <ClInclude Include="winlame\preset\PresetManagerImpl.h">
      <Filter>Preset Files\Header Files</Filter>
    </ClInclude>
    <ClInclude Include="winlame\preset\PropertyDlg.h">
      <Filter>Preset Files\Header Files</Filter>
    </ClInclude>
    <ClInclude Include="winlame\preset\PropertyListBox.h">
      <Filter>Preset Files\Header Files</Filter>
    </ClInclude>
    <ClInclude Include="winlame\preset\cppxml\cppxml.hpp">
      <Filter>Preset Files\Header Files\cppxml header files</Filter>
    </ClInclude>
    <ClInclude Include="winlame\preset\cppxml\lexer.hpp">
      <Filter>Preset Files\Header Files\cppxml header files</Filter>
    </ClInclude>
    <ClInclude Include="winlame\preset\cppxml\parser.hpp">
      <Filter>Preset Files\Header Files\cppxml header files</Filter>
    </ClInclude>
    <ClInclude Include="winlame\App.h">
      <Filter>Main Program Files\Header Files</Filter>
    </ClInclude>
    <ClInclude Include="winlame\CDRipTrackManager.h">
      <Filter>Main Program Files\Header Files</Filter>
    </ClInclude>
    <ClInclude Include="winlame\DynamicLibrary.h">
      <Filter>Main Program Files\Header Files</Filter>
    </ClInclude>
    <ClInclude Include="winlame\EncoderInterface.h">
      <Filter>Main Program Files\Header Files</Filter>
    </ClInclude>
    <ClInclude Include="winlame\IoCContainer.hpp">
      <Filter>Main Program Files\Header Files</Filter>
    </ClInclude>
    <ClInclude Include="winlame\LangCountryMapper.hpp">
      <Filter>Main Program Files\Header Files</Filter>
    </ClInclude>
    <ClInclude Include="winlame\LanguageResourceManager.hpp">
      <Filter>Main Program Files\Header Files</Filter>
    </ClInclude>
    <ClInclude Include="winlame\ModuleManager.h">
      <Filter>Main Program Files\Header Files</Filter>
    </ClInclude>
    <ClInclude Include="winlame\PresetManagerInterface.h">
      <Filter>Main Program Files\Header Files</Filter>
    </ClInclude>
    <ClInclude Include="winlame\SettingsManager.h">
      <Filter>Main Program Files\Header Files</Filter>
    </ClInclude>
    <ClInclude Include="winlame\stdafx.h">
      <Filter>Main Program Files\Header Files</Filter>
    </ClInclude>
    <ClInclude Include="winlame\Task.h">
      <Filter>Main Program Files\Header Files</Filter>
    </ClInclude>
    <ClInclude Include="winlame\TaskInfo.h">
      <Filter>Main Program Files\Header Files</Filter>
    </ClInclude>
    <ClInclude Include="winlame\TaskManager.h">
      <Filter>Main Program Files\Header Files</Filter>
    </ClInclude>
    <ClInclude Include="winlame\TaskManagerConfig.h">
      <Filter>Main Program Files\Header Files</Filter>
    </ClInclude>
    <ClInclude Include="winlame\UIinterface.h">
      <Filter>Main Program Files\Header Files</Filter>
    </ClInclude>
    <ClInclude Include="winlame\UISettings.h">
      <Filter>Main Program Files\Header Files</Filter>
    </ClInclude>
    <ClInclude Include="winlame\VariableManager.h">
      <Filter>Main Program Files\Header Files</Filter>
    </ClInclude>
    <ClInclude Include="winlame\res\MainFrameRibbon.h">
      <Filter>UI Files\Resource Files</Filter>
    </ClInclude>
    <ClInclude Include="winlame\resource.h">
      <Filter>UI Files\Resource Files</Filter>
    </ClInclude>
    <ClInclude Include="winlame\ui\OggVorbisSettingsPage.hpp">
      <Filter>UI Files\Header Files</Filter>
    </ClInclude>
    <ClInclude Include="winlame\ui\WMASettingsPage.hpp">
      <Filter>UI Files\Header Files</Filter>
    </ClInclude>
    <ClInclude Include="winlame\ui\LibsndfileSettingsPage.hpp">
      <Filter>UI Files\Header Files</Filter>
    </ClInclude>
    <ClInclude Include="winlame\ui\LAMESettingsPage.hpp">
      <Filter>UI Files\Header Files</Filter>
    </ClInclude>
    <ClInclude Include="winlame\ui\FinishPage.hpp">
      <Filter>UI Files\Header Files</Filter>
    </ClInclude>
    <ClInclude Include="winlame\ui\InputCDPage.hpp">
      <Filter>UI Files\Header Files</Filter>
    </ClInclude>
    <ClInclude Include="winlame\ui\OutputSettingsPage.hpp">
      <Filter>UI Files\Header Files</Filter>
    </ClInclude>
    <ClInclude Include="winlame\ui\PresetSelectionPage.hpp">
      <Filter>UI Files\Header Files</Filter>
    </ClInclude>
    <ClInclude Include="winlame\ui\AACSettingsPage.hpp">
      <Filter>UI Files\Header Files</Filter>
    </ClInclude>
    <ClInclude Include="winlame\ui\AboutDlg.hpp">
      <Filter>UI Files\Header Files</Filter>
    </ClInclude>
    <ClInclude Include="winlame\HtmlHelper.h">
      <Filter>Main Program Files\Header Files</Filter>
    </ClInclude>
    <ClInclude Include="winlame\encoder\CrtFopenWrapper.hpp">
      <Filter>encoder files\encoder header files</Filter>
    </ClInclude>
    <ClInclude Include="winlame\InputFilesParser.h">
      <Filter>Main Program Files\Header Files</Filter>
    </ClInclude>
    <ClInclude Include="winlame\FreedbResolver.hpp">
      <Filter>Main Program Files\Header Files</Filter>
    </ClInclude>
    <ClInclude Include="winlame\Path.hpp">
      <Filter>Main Program Files\Header Files</Filter>
    </ClInclude>
    <ClInclude Include="winlame\ui\AlternateColorsListCtrl.hpp">
      <Filter>UI Files\Header Files</Filter>
    </ClInclude>
    <ClInclude Include="winlame\ui\FixedValueSpinButtonCtrl.hpp">
      <Filter>UI Files\Header Files</Filter>
    </ClInclude>
    <ClInclude Include="winlame\ui\BevelLine.hpp">
      <Filter>UI Files\Header Files</Filter>
    </ClInclude>
    <ClInclude Include="winlame\ui\CDReadSettingsPage.hpp">
      <Filter>UI Files\Header Files</Filter>
    </ClInclude>
    <ClInclude Include="winlame\ui\DropFilesManager.hpp">
      <Filter>UI Files\Header Files</Filter>
    </ClInclude>
    <ClInclude Include="winlame\ui\GeneralSettingsPage.hpp">
      <Filter>UI Files\Header Files</Filter>
    </ClInclude>
    <ClInclude Include="winlame\ui\ImageListComboBox.hpp">
      <Filter>UI Files\Header Files</Filter>
    </ClInclude>
    <ClInclude Include="winlame\ui\InputFilesPage.hpp">
      <Filter>UI Files\Header Files</Filter>
    </ClInclude>
    <ClInclude Include="winlame\ui\InputListCtrl.hpp">
      <Filter>UI Files\Header Files</Filter>
    </ClInclude>
    <ClInclude Include="winlame\ui\MainFrame.hpp">
      <Filter>UI Files\Header Files</Filter>
    </ClInclude>
    <ClInclude Include="winlame\ui\ResourceInstanceSwitcher.hpp">
      <Filter>UI Files\Header Files</Filter>
    </ClInclude>
    <ClInclude Include="winlame\ui\TasksView.hpp">
      <Filter>UI Files\Header Files</Filter>
    </ClInclude>
    <ClInclude Include="winlame\ui\WizardPage.hpp">
      <Filter>UI Files\Header Files</Filter>
    </ClInclude>
    <ClInclude Include="winlame\ui\WizardPageHost.hpp">
      <Filter>UI Files\Header Files</Filter>
    </ClInclude>
    <ClInclude Include="winlame\encoder\CreatePlaylistTask.hpp">
      <Filter>encoder files\encoder header files</Filter>
    </ClInclude>
    <ClInclude Include="winlame\encoder\CDExtractTask.hpp">
      <Filter>encoder files\encoder header files</Filter>
    </ClInclude>
    <ClInclude Include="winlame\ui\FreeDbDiscListDlg.hpp">
      <Filter>UI Files\Header Files</Filter>
    </ClInclude>
    <ClInclude Include="winlame\encoder\SpeexInputModule.hpp">
      <Filter>encoder files\encoder header files</Filter>
    </ClInclude>
    <ClInclude Include="winlame\encoder\OggInputStream.hpp">
      <Filter>encoder files\encoder header files</Filter>
    </ClInclude>
    <ClInclude Include="winlame\encoder\OpusInputModule.hpp">
      <Filter>encoder files\encoder header files</Filter>
    </ClInclude>
    <ClInclude Include="winlame\Atl.h">
      <Filter>Main Program Files\Header Files</Filter>
    </ClInclude>
    <ClInclude Include="winlame\Win32.h">
      <Filter>Main Program Files\Header Files</Filter>
    </ClInclude>
    <ClInclude Include="winlame\Wtl.h">
      <Filter>Main Program Files\Header Files</Filter>
    </ClInclude>
    <ClInclude Include="winlame\Boost.h">
      <Filter>Main Program Files\Header Files</Filter>
    </ClInclude>
    <ClInclude Include="winlame\StdCppLib.h">
      <Filter>Main Program Files\Header Files</Filter>
    </ClInclude>
  </ItemGroup>
  <ItemGroup>
    <Image Include="winlame\res\btnicons.bmp">
      <Filter>old_ui Files\Resource Files</Filter>
    </Image>
    <Image Include="winlame\res\help.bmp">
      <Filter>old_ui Files\Resource Files</Filter>
    </Image>
    <Image Include="winlame\res\idle.ico">
      <Filter>old_ui Files\Resource Files</Filter>
    </Image>
    <Image Include="winlame\res\logo.bmp">
      <Filter>old_ui Files\Resource Files</Filter>
    </Image>
    <Image Include="winlame\res\working.ico">
      <Filter>old_ui Files\Resource Files</Filter>
    </Image>
    <Image Include="winlame\res\winlame.ico">
      <Filter>UI Files\Resource Files</Filter>
    </Image>
  </ItemGroup>
  <ItemGroup>
    <None Include="winlame\res\about.html">
      <Filter>UI Files\Resource Files</Filter>
    </None>
    <None Include="winlame\res\MainFrameRibbon.bml">
      <Filter>UI Files\Resource Files</Filter>
    </None>
    <None Include="..\docs\doxygen.cfg" />
  </ItemGroup>
  <ItemGroup>
    <ResourceCompile Include="winlame\res\MainFrameRibbon.rc">
      <Filter>UI Files\Resource Files</Filter>
    </ResourceCompile>
    <ResourceCompile Include="winlame\winlame.rc">
      <Filter>UI Files\Resource Files</Filter>
    </ResourceCompile>
  </ItemGroup>
  <ItemGroup>
    <Xml Include="presets.xml" />
  </ItemGroup>
  <ItemGroup>
    <Text Include="..\docs\License.winLAME.txt" />
    <Text Include="..\docs\TODO.txt" />
  </ItemGroup>
  <ItemGroup>
    <CustomBuild Include="winlame\res\MainFrameRibbon.xml">
      <Filter>UI Files\Resource Files</Filter>
    </CustomBuild>
  </ItemGroup>
</Project>